
Microsoft Visual Studio Solution File, Format Version 10.00
# Visual Studio 2008
Project("{E24C65DC-7377-472B-9ABA-BC803B73C61A}") = "centric", "S:\Projects\centricadmin\trunk\centric\", "{AF913756-2F8B-488C-A985-ED9035A11328}"
	ProjectSection(WebsiteProperties) = preProject
		TargetFramework = "3.5"
		Debug.AspNetCompiler.VirtualPath = "/centric"
		Debug.AspNetCompiler.PhysicalPath = "S:\Projects\centricadmin\trunk\centric\"
		Debug.AspNetCompiler.TargetPath = "PrecompiledWeb\centric\"
		Debug.AspNetCompiler.Updateable = "true"
		Debug.AspNetCompiler.ForceOverwrite = "true"
		Debug.AspNetCompiler.FixedNames = "false"
		Debug.AspNetCompiler.Debug = "True"
		Release.AspNetCompiler.VirtualPath = "/centric"
		Release.AspNetCompiler.PhysicalPath = "S:\Projects\centricadmin\trunk\centric\"
		Release.AspNetCompiler.TargetPath = "PrecompiledWeb\centric\"
		Release.AspNetCompiler.Updateable = "true"
		Release.AspNetCompiler.ForceOverwrite = "true"
		Release.AspNetCompiler.FixedNames = "false"
		Release.AspNetCompiler.Debug = "False"
		VWDPort = "2058"
		DefaultWebSiteLanguage = "Visual C#"
	EndProjectSection
EndProject
Global
	GlobalSection(SolutionConfigurationPlatforms) = preSolution
		Debug|.NET = Debug|.NET
	EndGlobalSection
	GlobalSection(ProjectConfigurationPlatforms) = postSolution
		{AF913756-2F8B-488C-A985-ED9035A11328}.Debug|.NET.ActiveCfg = Debug|.NET
		{AF913756-2F8B-488C-A985-ED9035A11328}.Debug|.NET.Build.0 = Debug|.NET
	EndGlobalSection
	GlobalSection(SolutionProperties) = preSolution
		HideSolutionNode = FALSE
	EndGlobalSection
EndGlobal
