
Microsoft Visual Studio Solution File, Format Version 10.00
# Visual Studio 2008
Project("{FAE04EC0-301F-11D3-BF4B-00C04F79EFBC}") = "wsPASExec", "wsPASExec\wsPASExec.csproj", "{E7B727D0-451A-45A3-8C75-FA2FF881263B}"
EndProject
Project("{FAE04EC0-301F-11D3-BF4B-00C04F79EFBC}") = "UmsDbLib", "UmsDbLib\UmsDbLib.csproj", "{F0B76F05-656E-43FA-A965-A233B0F2C8A9}"
EndProject
Project("{FAE04EC0-301F-11D3-BF4B-00C04F79EFBC}") = "UmsCommon", "UmsCommon\UmsCommon.csproj", "{21957982-6FBC-49F9-8F75-C0DE18558133}"
EndProject
Project("{FAE04EC0-301F-11D3-BF4B-00C04F79EFBC}") = "UmsFile", "UmsFile\UmsFile.csproj", "{BFF1C26F-955E-4A56-B781-D0CA89912B8A}"
EndProject
Project("{2150E333-8FDC-42A3-9474-1A3956D46DE8}") = "com", "com", "{157C1413-6CF5-468C-8BD9-789D790EA654}"
EndProject
Project("{2150E333-8FDC-42A3-9474-1A3956D46DE8}") = "ums", "ums", "{F943B97E-CBDB-4D11-A703-BF3CB791BC14}"
EndProject
Project("{FAE04EC0-301F-11D3-BF4B-00C04F79EFBC}") = "ZipLib", "ZipLib\ZipLib.csproj", "{9EF07252-75DF-4359-B46A-30F3A84DFA41}"
EndProject
Project("{FAE04EC0-301F-11D3-BF4B-00C04F79EFBC}") = "UmsAudio", "UmsAudio\UmsAudio.csproj", "{C44B04EA-5C9D-4BB0-B365-FC9B0C87E93F}"
EndProject
Project("{FAE04EC0-301F-11D3-BF4B-00C04F79EFBC}") = "UmsPas", "UmsPas\UmsPas.csproj", "{8CDBBCD2-D0EA-4A62-B60C-A500D5CB68DA}"
EndProject
Global
	GlobalSection(SolutionConfigurationPlatforms) = preSolution
		Debug|Any CPU = Debug|Any CPU
		Release|Any CPU = Release|Any CPU
	EndGlobalSection
	GlobalSection(ProjectConfigurationPlatforms) = postSolution
		{E7B727D0-451A-45A3-8C75-FA2FF881263B}.Debug|Any CPU.ActiveCfg = Debug|Any CPU
		{E7B727D0-451A-45A3-8C75-FA2FF881263B}.Debug|Any CPU.Build.0 = Debug|Any CPU
		{E7B727D0-451A-45A3-8C75-FA2FF881263B}.Release|Any CPU.ActiveCfg = Release|Any CPU
		{E7B727D0-451A-45A3-8C75-FA2FF881263B}.Release|Any CPU.Build.0 = Release|Any CPU
		{F0B76F05-656E-43FA-A965-A233B0F2C8A9}.Debug|Any CPU.ActiveCfg = Debug|Any CPU
		{F0B76F05-656E-43FA-A965-A233B0F2C8A9}.Debug|Any CPU.Build.0 = Debug|Any CPU
		{F0B76F05-656E-43FA-A965-A233B0F2C8A9}.Release|Any CPU.ActiveCfg = Release|Any CPU
		{F0B76F05-656E-43FA-A965-A233B0F2C8A9}.Release|Any CPU.Build.0 = Release|Any CPU
		{21957982-6FBC-49F9-8F75-C0DE18558133}.Debug|Any CPU.ActiveCfg = Debug|Any CPU
		{21957982-6FBC-49F9-8F75-C0DE18558133}.Debug|Any CPU.Build.0 = Debug|Any CPU
		{21957982-6FBC-49F9-8F75-C0DE18558133}.Release|Any CPU.ActiveCfg = Release|Any CPU
		{21957982-6FBC-49F9-8F75-C0DE18558133}.Release|Any CPU.Build.0 = Release|Any CPU
		{BFF1C26F-955E-4A56-B781-D0CA89912B8A}.Debug|Any CPU.ActiveCfg = Debug|Any CPU
		{BFF1C26F-955E-4A56-B781-D0CA89912B8A}.Debug|Any CPU.Build.0 = Debug|Any CPU
		{BFF1C26F-955E-4A56-B781-D0CA89912B8A}.Release|Any CPU.ActiveCfg = Release|Any CPU
		{BFF1C26F-955E-4A56-B781-D0CA89912B8A}.Release|Any CPU.Build.0 = Release|Any CPU
		{9EF07252-75DF-4359-B46A-30F3A84DFA41}.Debug|Any CPU.ActiveCfg = Debug|Any CPU
		{9EF07252-75DF-4359-B46A-30F3A84DFA41}.Debug|Any CPU.Build.0 = Debug|Any CPU
		{9EF07252-75DF-4359-B46A-30F3A84DFA41}.Release|Any CPU.ActiveCfg = Release|Any CPU
		{9EF07252-75DF-4359-B46A-30F3A84DFA41}.Release|Any CPU.Build.0 = Release|Any CPU
		{C44B04EA-5C9D-4BB0-B365-FC9B0C87E93F}.Debug|Any CPU.ActiveCfg = Debug|Any CPU
		{C44B04EA-5C9D-4BB0-B365-FC9B0C87E93F}.Debug|Any CPU.Build.0 = Debug|Any CPU
		{C44B04EA-5C9D-4BB0-B365-FC9B0C87E93F}.Release|Any CPU.ActiveCfg = Release|Any CPU
		{C44B04EA-5C9D-4BB0-B365-FC9B0C87E93F}.Release|Any CPU.Build.0 = Release|Any CPU
		{8CDBBCD2-D0EA-4A62-B60C-A500D5CB68DA}.Debug|Any CPU.ActiveCfg = Debug|Any CPU
		{8CDBBCD2-D0EA-4A62-B60C-A500D5CB68DA}.Debug|Any CPU.Build.0 = Debug|Any CPU
		{8CDBBCD2-D0EA-4A62-B60C-A500D5CB68DA}.Release|Any CPU.ActiveCfg = Release|Any CPU
		{8CDBBCD2-D0EA-4A62-B60C-A500D5CB68DA}.Release|Any CPU.Build.0 = Release|Any CPU
	EndGlobalSection
	GlobalSection(SolutionProperties) = preSolution
		HideSolutionNode = FALSE
	EndGlobalSection
	GlobalSection(NestedProjects) = preSolution
		{F943B97E-CBDB-4D11-A703-BF3CB791BC14} = {157C1413-6CF5-468C-8BD9-789D790EA654}
		{21957982-6FBC-49F9-8F75-C0DE18558133} = {F943B97E-CBDB-4D11-A703-BF3CB791BC14}
		{BFF1C26F-955E-4A56-B781-D0CA89912B8A} = {F943B97E-CBDB-4D11-A703-BF3CB791BC14}
		{E7B727D0-451A-45A3-8C75-FA2FF881263B} = {F943B97E-CBDB-4D11-A703-BF3CB791BC14}
		{F0B76F05-656E-43FA-A965-A233B0F2C8A9} = {F943B97E-CBDB-4D11-A703-BF3CB791BC14}
		{9EF07252-75DF-4359-B46A-30F3A84DFA41} = {F943B97E-CBDB-4D11-A703-BF3CB791BC14}
		{C44B04EA-5C9D-4BB0-B365-FC9B0C87E93F} = {F943B97E-CBDB-4D11-A703-BF3CB791BC14}
		{8CDBBCD2-D0EA-4A62-B60C-A500D5CB68DA} = {F943B97E-CBDB-4D11-A703-BF3CB791BC14}
	EndGlobalSection
EndGlobal
