
Microsoft Visual Studio Solution File, Format Version 11.00
# Visual Studio 2010
Project("{2150E333-8FDC-42A3-9474-1A3956D46DE8}") = "com", "com", "{157C1413-6CF5-468C-8BD9-789D790EA654}"
EndProject
Project("{2150E333-8FDC-42A3-9474-1A3956D46DE8}") = "ums", "ums", "{F943B97E-CBDB-4D11-A703-BF3CB791BC14}"
EndProject
Project("{FAE04EC0-301F-11D3-BF4B-00C04F79EFBC}") = "wsPASExec", "wsPASExec\wsPASExec.csproj", "{E7B727D0-451A-45A3-8C75-FA2FF881263B}"
	ProjectSection(ProjectDependencies) = postProject
		{AFA1CF4A-03FA-402D-A8E0-D4F0CC6AC6A3} = {AFA1CF4A-03FA-402D-A8E0-D4F0CC6AC6A3}
	EndProjectSection
EndProject
Project("{FAE04EC0-301F-11D3-BF4B-00C04F79EFBC}") = "UmsDbLib", "UmsDbLib\UmsDbLib.csproj", "{F0B76F05-656E-43FA-A965-A233B0F2C8A9}"
EndProject
Project("{FAE04EC0-301F-11D3-BF4B-00C04F79EFBC}") = "UmsCommon", "UmsCommon\UmsCommon.csproj", "{21957982-6FBC-49F9-8F75-C0DE18558133}"
EndProject
Project("{FAE04EC0-301F-11D3-BF4B-00C04F79EFBC}") = "UmsFile", "UmsFile\UmsFile.csproj", "{BFF1C26F-955E-4A56-B781-D0CA89912B8A}"
EndProject
Project("{FAE04EC0-301F-11D3-BF4B-00C04F79EFBC}") = "ZipLib", "ZipLib\ZipLib.csproj", "{9EF07252-75DF-4359-B46A-30F3A84DFA41}"
EndProject
Project("{FAE04EC0-301F-11D3-BF4B-00C04F79EFBC}") = "UmsAudio", "UmsAudio\UmsAudio.csproj", "{C44B04EA-5C9D-4BB0-B365-FC9B0C87E93F}"
EndProject
Project("{FAE04EC0-301F-11D3-BF4B-00C04F79EFBC}") = "UmsPas", "UmsPas\UmsPas.csproj", "{8CDBBCD2-D0EA-4A62-B60C-A500D5CB68DA}"
EndProject
Project("{FAE04EC0-301F-11D3-BF4B-00C04F79EFBC}") = "PredefToPashape", "PredefToPashape\PredefToPashape.csproj", "{C978F68F-CC6D-4653-9E39-74EDACB6F70C}"
EndProject
Project("{FAE04EC0-301F-11D3-BF4B-00C04F79EFBC}") = "PasswordHasher", "PasswordHasher\PasswordHasher.csproj", "{A5425810-1124-4CB3-94C4-926460B420BC}"
EndProject
Project("{FAE04EC0-301F-11D3-BF4B-00C04F79EFBC}") = "UnitTests", "UnitTests.cs\UnitTests.csproj", "{8A4A7EA2-8F21-499C-8ECD-34E7FD676B0F}"
EndProject
Project("{FAE04EC0-301F-11D3-BF4B-00C04F79EFBC}") = "CapProxy", "CapProxy\CapProxy.csproj", "{AFA1CF4A-03FA-402D-A8E0-D4F0CC6AC6A3}"
EndProject
Project("{2150E333-8FDC-42A3-9474-1A3956D46DE8}") = "Solution Items", "Solution Items", "{936E7001-0F76-4F6F-8342-C25F6985DFC2}"
	ProjectSection(SolutionItems) = preProject
		Local.testsettings = Local.testsettings
		TraceAndTestImpact.testsettings = TraceAndTestImpact.testsettings
		wsPASExec.vsmdi = wsPASExec.vsmdi
	EndProjectSection
EndProject
Project("{FAE04EC0-301F-11D3-BF4B-00C04F79EFBC}") = "PasIntegrationInterface", "PasIntegrationInterface\PasIntegrationInterface.csproj", "{5F25B3F4-CA67-4BB1-B693-A7AF76170ABF}"
EndProject
Project("{FAE04EC0-301F-11D3-BF4B-00C04F79EFBC}") = "PasIntegrationService", "PasIntegrationService\PasIntegrationService.csproj", "{44CFE1C2-DCA8-48B5-B04A-7F08AE37B305}"
EndProject
Global
	GlobalSection(TestCaseManagementSettings) = postSolution
		CategoryFile = wsPASExec.vsmdi
	EndGlobalSection
	GlobalSection(SolutionConfigurationPlatforms) = preSolution
		Beta|Any CPU = Beta|Any CPU
		Beta|Mixed Platforms = Beta|Mixed Platforms
		Beta|x86 = Beta|x86
		Debug|Any CPU = Debug|Any CPU
		Debug|Mixed Platforms = Debug|Mixed Platforms
		Debug|x86 = Debug|x86
		Gas-se_Prod|Any CPU = Gas-se_Prod|Any CPU
		Gas-se_Prod|Mixed Platforms = Gas-se_Prod|Mixed Platforms
		Gas-se_Prod|x86 = Gas-se_Prod|x86
		Gas-se_QA|Any CPU = Gas-se_QA|Any CPU
		Gas-se_QA|Mixed Platforms = Gas-se_QA|Mixed Platforms
		Gas-se_QA|x86 = Gas-se_QA|x86
		NLAlert|Any CPU = NLAlert|Any CPU
		NLAlert|Mixed Platforms = NLAlert|Mixed Platforms
		NLAlert|x86 = NLAlert|x86
		Nlbeta|Any CPU = Nlbeta|Any CPU
		Nlbeta|Mixed Platforms = Nlbeta|Mixed Platforms
		Nlbeta|x86 = Nlbeta|x86
		Orange_Prod|Any CPU = Orange_Prod|Any CPU
		Orange_Prod|Mixed Platforms = Orange_Prod|Mixed Platforms
		Orange_Prod|x86 = Orange_Prod|x86
		Orange_QA|Any CPU = Orange_QA|Any CPU
		Orange_QA|Mixed Platforms = Orange_QA|Mixed Platforms
		Orange_QA|x86 = Orange_QA|x86
		Prod|Any CPU = Prod|Any CPU
		Prod|Mixed Platforms = Prod|Mixed Platforms
		Prod|x86 = Prod|x86
		QA|Any CPU = QA|Any CPU
		QA|Mixed Platforms = QA|Mixed Platforms
		QA|x86 = QA|x86
		Release|Any CPU = Release|Any CPU
		Release|Mixed Platforms = Release|Mixed Platforms
		Release|x86 = Release|x86
	EndGlobalSection
	GlobalSection(ProjectConfigurationPlatforms) = postSolution
		{E7B727D0-451A-45A3-8C75-FA2FF881263B}.Beta|Any CPU.ActiveCfg = Beta|Any CPU
		{E7B727D0-451A-45A3-8C75-FA2FF881263B}.Beta|Any CPU.Build.0 = Beta|Any CPU
		{E7B727D0-451A-45A3-8C75-FA2FF881263B}.Beta|Mixed Platforms.ActiveCfg = Beta|Any CPU
		{E7B727D0-451A-45A3-8C75-FA2FF881263B}.Beta|Mixed Platforms.Build.0 = Beta|Any CPU
		{E7B727D0-451A-45A3-8C75-FA2FF881263B}.Beta|x86.ActiveCfg = Beta|Any CPU
		{E7B727D0-451A-45A3-8C75-FA2FF881263B}.Debug|Any CPU.ActiveCfg = Debug|Any CPU
		{E7B727D0-451A-45A3-8C75-FA2FF881263B}.Debug|Any CPU.Build.0 = Debug|Any CPU
		{E7B727D0-451A-45A3-8C75-FA2FF881263B}.Gas-se_QA|Mixed Platforms.ActiveCfg = Gas-se_QA|Any CPU
		{E7B727D0-451A-45A3-8C75-FA2FF881263B}.Gas-se_QA|Mixed Platforms.Build.0 = Gas-se_QA|Any CPU
		{E7B727D0-451A-45A3-8C75-FA2FF881263B}.Gas-se_QA|x86.ActiveCfg = Gas-se_QA|Any CPU
		{E7B727D0-451A-45A3-8C75-FA2FF881263B}.NLAlert|Any CPU.ActiveCfg = NLAlert|Any CPU
		{E7B727D0-451A-45A3-8C75-FA2FF881263B}.NLAlert|Any CPU.Build.0 = NLAlert|Any CPU
		{E7B727D0-451A-45A3-8C75-FA2FF881263B}.NLAlert|Mixed Platforms.ActiveCfg = NLAlert|Any CPU
		{E7B727D0-451A-45A3-8C75-FA2FF881263B}.NLAlert|Mixed Platforms.Build.0 = NLAlert|Any CPU
		{E7B727D0-451A-45A3-8C75-FA2FF881263B}.NLAlert|x86.ActiveCfg = NLAlert|Any CPU
		{E7B727D0-451A-45A3-8C75-FA2FF881263B}.Nlbeta|Any CPU.ActiveCfg = Nlbeta|Any CPU
		{E7B727D0-451A-45A3-8C75-FA2FF881263B}.Nlbeta|Any CPU.Build.0 = Nlbeta|Any CPU
		{E7B727D0-451A-45A3-8C75-FA2FF881263B}.Nlbeta|Mixed Platforms.ActiveCfg = Nlbeta|Any CPU
		{E7B727D0-451A-45A3-8C75-FA2FF881263B}.Nlbeta|Mixed Platforms.Build.0 = Nlbeta|Any CPU
		{E7B727D0-451A-45A3-8C75-FA2FF881263B}.Nlbeta|x86.ActiveCfg = Nlbeta|Any CPU
		{E7B727D0-451A-45A3-8C75-FA2FF881263B}.Orange_Prod|Any CPU.ActiveCfg = Orange_Prod|Any CPU
		{E7B727D0-451A-45A3-8C75-FA2FF881263B}.Orange_Prod|Any CPU.Build.0 = Orange_Prod|Any CPU
		{E7B727D0-451A-45A3-8C75-FA2FF881263B}.Orange_Prod|Mixed Platforms.ActiveCfg = Orange_Prod|Any CPU
		{E7B727D0-451A-45A3-8C75-FA2FF881263B}.Orange_Prod|Mixed Platforms.Build.0 = Orange_Prod|Any CPU
		{E7B727D0-451A-45A3-8C75-FA2FF881263B}.Orange_Prod|x86.ActiveCfg = Orange_Prod|Any CPU
		{E7B727D0-451A-45A3-8C75-FA2FF881263B}.Orange_QA|Any CPU.ActiveCfg = Orange_QA|Any CPU
		{E7B727D0-451A-45A3-8C75-FA2FF881263B}.Orange_QA|Any CPU.Build.0 = Orange_QA|Any CPU
		{E7B727D0-451A-45A3-8C75-FA2FF881263B}.Orange_QA|Mixed Platforms.ActiveCfg = Orange_QA|Any CPU
		{E7B727D0-451A-45A3-8C75-FA2FF881263B}.Orange_QA|Mixed Platforms.Build.0 = Orange_QA|Any CPU
		{E7B727D0-451A-45A3-8C75-FA2FF881263B}.Orange_QA|x86.ActiveCfg = Orange_QA|Any CPU
		{E7B727D0-451A-45A3-8C75-FA2FF881263B}.Prod|Any CPU.ActiveCfg = Prod|Any CPU
		{E7B727D0-451A-45A3-8C75-FA2FF881263B}.Prod|Any CPU.Build.0 = Prod|Any CPU
		{E7B727D0-451A-45A3-8C75-FA2FF881263B}.Prod|Mixed Platforms.ActiveCfg = Prod|Any CPU
		{E7B727D0-451A-45A3-8C75-FA2FF881263B}.Prod|Mixed Platforms.Build.0 = Prod|Any CPU
		{E7B727D0-451A-45A3-8C75-FA2FF881263B}.Prod|x86.ActiveCfg = Prod|Any CPU
		{E7B727D0-451A-45A3-8C75-FA2FF881263B}.QA|Any CPU.ActiveCfg = QA|Any CPU
		{E7B727D0-451A-45A3-8C75-FA2FF881263B}.QA|Any CPU.Build.0 = QA|Any CPU
		{E7B727D0-451A-45A3-8C75-FA2FF881263B}.QA|Mixed Platforms.ActiveCfg = QA|Any CPU
		{E7B727D0-451A-45A3-8C75-FA2FF881263B}.QA|Mixed Platforms.Build.0 = QA|Any CPU
		{E7B727D0-451A-45A3-8C75-FA2FF881263B}.QA|x86.ActiveCfg = QA|Any CPU
		{E7B727D0-451A-45A3-8C75-FA2FF881263B}.Release|Any CPU.ActiveCfg = Release|Any CPU
		{E7B727D0-451A-45A3-8C75-FA2FF881263B}.Release|Any CPU.Build.0 = Release|Any CPU
		{E7B727D0-451A-45A3-8C75-FA2FF881263B}.Release|Mixed Platforms.ActiveCfg = Release|Any CPU
		{E7B727D0-451A-45A3-8C75-FA2FF881263B}.Release|Mixed Platforms.Build.0 = Release|Any CPU
		{E7B727D0-451A-45A3-8C75-FA2FF881263B}.Release|x86.ActiveCfg = Release|Any CPU
		{F0B76F05-656E-43FA-A965-A233B0F2C8A9}.Beta|Any CPU.ActiveCfg = Beta|Any CPU
		{F0B76F05-656E-43FA-A965-A233B0F2C8A9}.Beta|Any CPU.Build.0 = Beta|Any CPU
		{F0B76F05-656E-43FA-A965-A233B0F2C8A9}.Beta|Mixed Platforms.ActiveCfg = Beta|Any CPU
		{F0B76F05-656E-43FA-A965-A233B0F2C8A9}.Beta|Mixed Platforms.Build.0 = Beta|Any CPU
		{F0B76F05-656E-43FA-A965-A233B0F2C8A9}.Beta|x86.ActiveCfg = Beta|Any CPU
		{F0B76F05-656E-43FA-A965-A233B0F2C8A9}.Debug|Any CPU.ActiveCfg = Debug|Any CPU
		{F0B76F05-656E-43FA-A965-A233B0F2C8A9}.Debug|Any CPU.Build.0 = Debug|Any CPU
		{F0B76F05-656E-43FA-A965-A233B0F2C8A9}.Gas-se_QA|Mixed Platforms.ActiveCfg = Gas-se_QA|Any CPU
		{F0B76F05-656E-43FA-A965-A233B0F2C8A9}.Gas-se_QA|Mixed Platforms.Build.0 = Gas-se_QA|Any CPU
		{F0B76F05-656E-43FA-A965-A233B0F2C8A9}.Gas-se_QA|x86.ActiveCfg = Gas-se_QA|Any CPU
		{F0B76F05-656E-43FA-A965-A233B0F2C8A9}.NLAlert|Any CPU.ActiveCfg = NLAlert|Any CPU
		{F0B76F05-656E-43FA-A965-A233B0F2C8A9}.NLAlert|Any CPU.Build.0 = NLAlert|Any CPU
		{F0B76F05-656E-43FA-A965-A233B0F2C8A9}.NLAlert|Mixed Platforms.ActiveCfg = NLAlert|Any CPU
		{F0B76F05-656E-43FA-A965-A233B0F2C8A9}.NLAlert|Mixed Platforms.Build.0 = NLAlert|Any CPU
		{F0B76F05-656E-43FA-A965-A233B0F2C8A9}.NLAlert|x86.ActiveCfg = NLAlert|Any CPU
		{F0B76F05-656E-43FA-A965-A233B0F2C8A9}.Nlbeta|Any CPU.ActiveCfg = Nlbeta|Any CPU
		{F0B76F05-656E-43FA-A965-A233B0F2C8A9}.Nlbeta|Any CPU.Build.0 = Nlbeta|Any CPU
		{F0B76F05-656E-43FA-A965-A233B0F2C8A9}.Nlbeta|Mixed Platforms.ActiveCfg = Nlbeta|Any CPU
		{F0B76F05-656E-43FA-A965-A233B0F2C8A9}.Nlbeta|Mixed Platforms.Build.0 = Nlbeta|Any CPU
		{F0B76F05-656E-43FA-A965-A233B0F2C8A9}.Nlbeta|x86.ActiveCfg = Nlbeta|Any CPU
		{F0B76F05-656E-43FA-A965-A233B0F2C8A9}.Orange_Prod|Any CPU.ActiveCfg = Orange_Prod|Any CPU
		{F0B76F05-656E-43FA-A965-A233B0F2C8A9}.Orange_Prod|Any CPU.Build.0 = Orange_Prod|Any CPU
		{F0B76F05-656E-43FA-A965-A233B0F2C8A9}.Orange_Prod|Mixed Platforms.ActiveCfg = Orange_Prod|Any CPU
		{F0B76F05-656E-43FA-A965-A233B0F2C8A9}.Orange_Prod|Mixed Platforms.Build.0 = Orange_Prod|Any CPU
		{F0B76F05-656E-43FA-A965-A233B0F2C8A9}.Orange_Prod|x86.ActiveCfg = Orange_Prod|Any CPU
		{F0B76F05-656E-43FA-A965-A233B0F2C8A9}.Orange_QA|Any CPU.ActiveCfg = Orange_QA|Any CPU
		{F0B76F05-656E-43FA-A965-A233B0F2C8A9}.Orange_QA|Any CPU.Build.0 = Orange_QA|Any CPU
		{F0B76F05-656E-43FA-A965-A233B0F2C8A9}.Orange_QA|Mixed Platforms.ActiveCfg = Orange_QA|Any CPU
		{F0B76F05-656E-43FA-A965-A233B0F2C8A9}.Orange_QA|Mixed Platforms.Build.0 = Orange_QA|Any CPU
		{F0B76F05-656E-43FA-A965-A233B0F2C8A9}.Orange_QA|x86.ActiveCfg = Orange_QA|Any CPU
		{F0B76F05-656E-43FA-A965-A233B0F2C8A9}.Prod|Any CPU.ActiveCfg = Prod|Any CPU
		{F0B76F05-656E-43FA-A965-A233B0F2C8A9}.Prod|Any CPU.Build.0 = Prod|Any CPU
		{F0B76F05-656E-43FA-A965-A233B0F2C8A9}.Prod|Mixed Platforms.ActiveCfg = Prod|Any CPU
		{F0B76F05-656E-43FA-A965-A233B0F2C8A9}.Prod|Mixed Platforms.Build.0 = Prod|Any CPU
		{F0B76F05-656E-43FA-A965-A233B0F2C8A9}.Prod|x86.ActiveCfg = Prod|Any CPU
		{F0B76F05-656E-43FA-A965-A233B0F2C8A9}.QA|Any CPU.ActiveCfg = QA|Any CPU
		{F0B76F05-656E-43FA-A965-A233B0F2C8A9}.QA|Any CPU.Build.0 = QA|Any CPU
		{F0B76F05-656E-43FA-A965-A233B0F2C8A9}.QA|Mixed Platforms.ActiveCfg = QA|Any CPU
		{F0B76F05-656E-43FA-A965-A233B0F2C8A9}.QA|Mixed Platforms.Build.0 = QA|Any CPU
		{F0B76F05-656E-43FA-A965-A233B0F2C8A9}.QA|x86.ActiveCfg = QA|Any CPU
		{F0B76F05-656E-43FA-A965-A233B0F2C8A9}.Release|Any CPU.ActiveCfg = Release|Any CPU
		{F0B76F05-656E-43FA-A965-A233B0F2C8A9}.Release|Any CPU.Build.0 = Release|Any CPU
		{F0B76F05-656E-43FA-A965-A233B0F2C8A9}.Release|Mixed Platforms.ActiveCfg = Release|Any CPU
		{F0B76F05-656E-43FA-A965-A233B0F2C8A9}.Release|Mixed Platforms.Build.0 = Release|Any CPU
		{F0B76F05-656E-43FA-A965-A233B0F2C8A9}.Release|x86.ActiveCfg = Release|Any CPU
		{21957982-6FBC-49F9-8F75-C0DE18558133}.Beta|Any CPU.ActiveCfg = Beta|Any CPU
		{21957982-6FBC-49F9-8F75-C0DE18558133}.Beta|Any CPU.Build.0 = Beta|Any CPU
		{21957982-6FBC-49F9-8F75-C0DE18558133}.Beta|Mixed Platforms.ActiveCfg = Beta|Any CPU
		{21957982-6FBC-49F9-8F75-C0DE18558133}.Beta|Mixed Platforms.Build.0 = Beta|Any CPU
		{21957982-6FBC-49F9-8F75-C0DE18558133}.Beta|x86.ActiveCfg = Beta|Any CPU
		{21957982-6FBC-49F9-8F75-C0DE18558133}.Debug|Any CPU.ActiveCfg = Debug|Any CPU
		{21957982-6FBC-49F9-8F75-C0DE18558133}.Debug|Any CPU.Build.0 = Debug|Any CPU
		{21957982-6FBC-49F9-8F75-C0DE18558133}.Gas-se_QA|Mixed Platforms.ActiveCfg = Gas-se_QA|Any CPU
		{21957982-6FBC-49F9-8F75-C0DE18558133}.Gas-se_QA|Mixed Platforms.Build.0 = Gas-se_QA|Any CPU
		{21957982-6FBC-49F9-8F75-C0DE18558133}.Gas-se_QA|x86.ActiveCfg = Gas-se_QA|Any CPU
		{21957982-6FBC-49F9-8F75-C0DE18558133}.NLAlert|Any CPU.ActiveCfg = NLAlert|Any CPU
		{21957982-6FBC-49F9-8F75-C0DE18558133}.NLAlert|Any CPU.Build.0 = NLAlert|Any CPU
		{21957982-6FBC-49F9-8F75-C0DE18558133}.NLAlert|Mixed Platforms.ActiveCfg = NLAlert|Any CPU
		{21957982-6FBC-49F9-8F75-C0DE18558133}.NLAlert|Mixed Platforms.Build.0 = NLAlert|Any CPU
		{21957982-6FBC-49F9-8F75-C0DE18558133}.NLAlert|x86.ActiveCfg = NLAlert|Any CPU
		{21957982-6FBC-49F9-8F75-C0DE18558133}.Nlbeta|Any CPU.ActiveCfg = Nlbeta|Any CPU
		{21957982-6FBC-49F9-8F75-C0DE18558133}.Nlbeta|Any CPU.Build.0 = Nlbeta|Any CPU
		{21957982-6FBC-49F9-8F75-C0DE18558133}.Nlbeta|Mixed Platforms.ActiveCfg = Nlbeta|Any CPU
		{21957982-6FBC-49F9-8F75-C0DE18558133}.Nlbeta|Mixed Platforms.Build.0 = Nlbeta|Any CPU
		{21957982-6FBC-49F9-8F75-C0DE18558133}.Nlbeta|x86.ActiveCfg = Nlbeta|Any CPU
		{21957982-6FBC-49F9-8F75-C0DE18558133}.Orange_Prod|Any CPU.ActiveCfg = Orange_Prod|Any CPU
		{21957982-6FBC-49F9-8F75-C0DE18558133}.Orange_Prod|Any CPU.Build.0 = Orange_Prod|Any CPU
		{21957982-6FBC-49F9-8F75-C0DE18558133}.Orange_Prod|Mixed Platforms.ActiveCfg = Orange_Prod|Any CPU
		{21957982-6FBC-49F9-8F75-C0DE18558133}.Orange_Prod|Mixed Platforms.Build.0 = Orange_Prod|Any CPU
		{21957982-6FBC-49F9-8F75-C0DE18558133}.Orange_Prod|x86.ActiveCfg = Orange_Prod|Any CPU
		{21957982-6FBC-49F9-8F75-C0DE18558133}.Orange_QA|Any CPU.ActiveCfg = Orange_QA|Any CPU
		{21957982-6FBC-49F9-8F75-C0DE18558133}.Orange_QA|Any CPU.Build.0 = Orange_QA|Any CPU
		{21957982-6FBC-49F9-8F75-C0DE18558133}.Orange_QA|Mixed Platforms.ActiveCfg = Orange_QA|Any CPU
		{21957982-6FBC-49F9-8F75-C0DE18558133}.Orange_QA|Mixed Platforms.Build.0 = Orange_QA|Any CPU
		{21957982-6FBC-49F9-8F75-C0DE18558133}.Orange_QA|x86.ActiveCfg = Orange_QA|Any CPU
		{21957982-6FBC-49F9-8F75-C0DE18558133}.Prod|Any CPU.ActiveCfg = Prod|Any CPU
		{21957982-6FBC-49F9-8F75-C0DE18558133}.Prod|Any CPU.Build.0 = Prod|Any CPU
		{21957982-6FBC-49F9-8F75-C0DE18558133}.Prod|Mixed Platforms.ActiveCfg = Prod|Any CPU
		{21957982-6FBC-49F9-8F75-C0DE18558133}.Prod|Mixed Platforms.Build.0 = Prod|Any CPU
		{21957982-6FBC-49F9-8F75-C0DE18558133}.Prod|x86.ActiveCfg = Prod|Any CPU
		{21957982-6FBC-49F9-8F75-C0DE18558133}.QA|Any CPU.ActiveCfg = QA|Any CPU
		{21957982-6FBC-49F9-8F75-C0DE18558133}.QA|Any CPU.Build.0 = QA|Any CPU
		{21957982-6FBC-49F9-8F75-C0DE18558133}.QA|Mixed Platforms.ActiveCfg = QA|Any CPU
		{21957982-6FBC-49F9-8F75-C0DE18558133}.QA|Mixed Platforms.Build.0 = QA|Any CPU
		{21957982-6FBC-49F9-8F75-C0DE18558133}.QA|x86.ActiveCfg = QA|Any CPU
		{21957982-6FBC-49F9-8F75-C0DE18558133}.Release|Any CPU.ActiveCfg = Release|Any CPU
		{21957982-6FBC-49F9-8F75-C0DE18558133}.Release|Any CPU.Build.0 = Release|Any CPU
		{21957982-6FBC-49F9-8F75-C0DE18558133}.Release|Mixed Platforms.ActiveCfg = Release|Any CPU
		{21957982-6FBC-49F9-8F75-C0DE18558133}.Release|Mixed Platforms.Build.0 = Release|Any CPU
		{21957982-6FBC-49F9-8F75-C0DE18558133}.Release|x86.ActiveCfg = Release|Any CPU
		{BFF1C26F-955E-4A56-B781-D0CA89912B8A}.Beta|Any CPU.ActiveCfg = Beta|Any CPU
		{BFF1C26F-955E-4A56-B781-D0CA89912B8A}.Beta|Any CPU.Build.0 = Beta|Any CPU
		{BFF1C26F-955E-4A56-B781-D0CA89912B8A}.Beta|Mixed Platforms.ActiveCfg = Beta|Any CPU
		{BFF1C26F-955E-4A56-B781-D0CA89912B8A}.Beta|Mixed Platforms.Build.0 = Beta|Any CPU
		{BFF1C26F-955E-4A56-B781-D0CA89912B8A}.Beta|x86.ActiveCfg = Beta|Any CPU
		{BFF1C26F-955E-4A56-B781-D0CA89912B8A}.Debug|Any CPU.ActiveCfg = Debug|Any CPU
		{BFF1C26F-955E-4A56-B781-D0CA89912B8A}.Debug|Any CPU.Build.0 = Debug|Any CPU
		{BFF1C26F-955E-4A56-B781-D0CA89912B8A}.Gas-se_QA|Mixed Platforms.ActiveCfg = Gas-se_QA|Any CPU
		{BFF1C26F-955E-4A56-B781-D0CA89912B8A}.Gas-se_QA|Mixed Platforms.Build.0 = Gas-se_QA|Any CPU
		{BFF1C26F-955E-4A56-B781-D0CA89912B8A}.Gas-se_QA|x86.ActiveCfg = Gas-se_QA|Any CPU
		{BFF1C26F-955E-4A56-B781-D0CA89912B8A}.NLAlert|Any CPU.ActiveCfg = NLAlert|Any CPU
		{BFF1C26F-955E-4A56-B781-D0CA89912B8A}.NLAlert|Any CPU.Build.0 = NLAlert|Any CPU
		{BFF1C26F-955E-4A56-B781-D0CA89912B8A}.NLAlert|Mixed Platforms.ActiveCfg = NLAlert|Any CPU
		{BFF1C26F-955E-4A56-B781-D0CA89912B8A}.NLAlert|Mixed Platforms.Build.0 = NLAlert|Any CPU
		{BFF1C26F-955E-4A56-B781-D0CA89912B8A}.NLAlert|x86.ActiveCfg = NLAlert|Any CPU
		{BFF1C26F-955E-4A56-B781-D0CA89912B8A}.Nlbeta|Any CPU.ActiveCfg = Nlbeta|Any CPU
		{BFF1C26F-955E-4A56-B781-D0CA89912B8A}.Nlbeta|Any CPU.Build.0 = Nlbeta|Any CPU
		{BFF1C26F-955E-4A56-B781-D0CA89912B8A}.Nlbeta|Mixed Platforms.ActiveCfg = Nlbeta|Any CPU
		{BFF1C26F-955E-4A56-B781-D0CA89912B8A}.Nlbeta|Mixed Platforms.Build.0 = Nlbeta|Any CPU
		{BFF1C26F-955E-4A56-B781-D0CA89912B8A}.Nlbeta|x86.ActiveCfg = Nlbeta|Any CPU
		{BFF1C26F-955E-4A56-B781-D0CA89912B8A}.Orange_Prod|Any CPU.ActiveCfg = Orange_Prod|Any CPU
		{BFF1C26F-955E-4A56-B781-D0CA89912B8A}.Orange_Prod|Any CPU.Build.0 = Orange_Prod|Any CPU
		{BFF1C26F-955E-4A56-B781-D0CA89912B8A}.Orange_Prod|Mixed Platforms.ActiveCfg = Orange_Prod|Any CPU
		{BFF1C26F-955E-4A56-B781-D0CA89912B8A}.Orange_Prod|Mixed Platforms.Build.0 = Orange_Prod|Any CPU
		{BFF1C26F-955E-4A56-B781-D0CA89912B8A}.Orange_Prod|x86.ActiveCfg = Orange_Prod|Any CPU
		{BFF1C26F-955E-4A56-B781-D0CA89912B8A}.Orange_QA|Any CPU.ActiveCfg = Orange_QA|Any CPU
		{BFF1C26F-955E-4A56-B781-D0CA89912B8A}.Orange_QA|Any CPU.Build.0 = Orange_QA|Any CPU
		{BFF1C26F-955E-4A56-B781-D0CA89912B8A}.Orange_QA|Mixed Platforms.ActiveCfg = Orange_QA|Any CPU
		{BFF1C26F-955E-4A56-B781-D0CA89912B8A}.Orange_QA|Mixed Platforms.Build.0 = Orange_QA|Any CPU
		{BFF1C26F-955E-4A56-B781-D0CA89912B8A}.Orange_QA|x86.ActiveCfg = Orange_QA|Any CPU
		{BFF1C26F-955E-4A56-B781-D0CA89912B8A}.Prod|Any CPU.ActiveCfg = Prod|Any CPU
		{BFF1C26F-955E-4A56-B781-D0CA89912B8A}.Prod|Any CPU.Build.0 = Prod|Any CPU
		{BFF1C26F-955E-4A56-B781-D0CA89912B8A}.Prod|Mixed Platforms.ActiveCfg = Prod|Any CPU
		{BFF1C26F-955E-4A56-B781-D0CA89912B8A}.Prod|Mixed Platforms.Build.0 = Prod|Any CPU
		{BFF1C26F-955E-4A56-B781-D0CA89912B8A}.Prod|x86.ActiveCfg = Prod|Any CPU
		{BFF1C26F-955E-4A56-B781-D0CA89912B8A}.QA|Any CPU.ActiveCfg = QA|Any CPU
		{BFF1C26F-955E-4A56-B781-D0CA89912B8A}.QA|Any CPU.Build.0 = QA|Any CPU
		{BFF1C26F-955E-4A56-B781-D0CA89912B8A}.QA|Mixed Platforms.ActiveCfg = QA|Any CPU
		{BFF1C26F-955E-4A56-B781-D0CA89912B8A}.QA|Mixed Platforms.Build.0 = QA|Any CPU
		{BFF1C26F-955E-4A56-B781-D0CA89912B8A}.QA|x86.ActiveCfg = QA|Any CPU
		{BFF1C26F-955E-4A56-B781-D0CA89912B8A}.Release|Any CPU.ActiveCfg = Release|Any CPU
		{BFF1C26F-955E-4A56-B781-D0CA89912B8A}.Release|Any CPU.Build.0 = Release|Any CPU
		{BFF1C26F-955E-4A56-B781-D0CA89912B8A}.Release|Mixed Platforms.ActiveCfg = Release|Any CPU
		{BFF1C26F-955E-4A56-B781-D0CA89912B8A}.Release|Mixed Platforms.Build.0 = Release|Any CPU
		{BFF1C26F-955E-4A56-B781-D0CA89912B8A}.Release|x86.ActiveCfg = Release|Any CPU
		{9EF07252-75DF-4359-B46A-30F3A84DFA41}.Beta|Any CPU.ActiveCfg = Beta|Any CPU
		{9EF07252-75DF-4359-B46A-30F3A84DFA41}.Beta|Any CPU.Build.0 = Beta|Any CPU
		{9EF07252-75DF-4359-B46A-30F3A84DFA41}.Beta|Mixed Platforms.ActiveCfg = Beta|Any CPU
		{9EF07252-75DF-4359-B46A-30F3A84DFA41}.Beta|Mixed Platforms.Build.0 = Beta|Any CPU
		{9EF07252-75DF-4359-B46A-30F3A84DFA41}.Beta|x86.ActiveCfg = Beta|Any CPU
		{9EF07252-75DF-4359-B46A-30F3A84DFA41}.Debug|Any CPU.ActiveCfg = Debug|Any CPU
		{9EF07252-75DF-4359-B46A-30F3A84DFA41}.Debug|Any CPU.Build.0 = Debug|Any CPU
		{9EF07252-75DF-4359-B46A-30F3A84DFA41}.Gas-se_QA|Mixed Platforms.ActiveCfg = Gas-se_QA|Any CPU
		{9EF07252-75DF-4359-B46A-30F3A84DFA41}.Gas-se_QA|Mixed Platforms.Build.0 = Gas-se_QA|Any CPU
		{9EF07252-75DF-4359-B46A-30F3A84DFA41}.Gas-se_QA|x86.ActiveCfg = Gas-se_QA|Any CPU
		{9EF07252-75DF-4359-B46A-30F3A84DFA41}.NLAlert|Any CPU.ActiveCfg = NLAlert|Any CPU
		{9EF07252-75DF-4359-B46A-30F3A84DFA41}.NLAlert|Any CPU.Build.0 = NLAlert|Any CPU
		{9EF07252-75DF-4359-B46A-30F3A84DFA41}.NLAlert|Mixed Platforms.ActiveCfg = NLAlert|Any CPU
		{9EF07252-75DF-4359-B46A-30F3A84DFA41}.NLAlert|Mixed Platforms.Build.0 = NLAlert|Any CPU
		{9EF07252-75DF-4359-B46A-30F3A84DFA41}.NLAlert|x86.ActiveCfg = NLAlert|Any CPU
		{9EF07252-75DF-4359-B46A-30F3A84DFA41}.Nlbeta|Any CPU.ActiveCfg = Nlbeta|Any CPU
		{9EF07252-75DF-4359-B46A-30F3A84DFA41}.Nlbeta|Any CPU.Build.0 = Nlbeta|Any CPU
		{9EF07252-75DF-4359-B46A-30F3A84DFA41}.Nlbeta|Mixed Platforms.ActiveCfg = Nlbeta|Any CPU
		{9EF07252-75DF-4359-B46A-30F3A84DFA41}.Nlbeta|Mixed Platforms.Build.0 = Nlbeta|Any CPU
		{9EF07252-75DF-4359-B46A-30F3A84DFA41}.Nlbeta|x86.ActiveCfg = Nlbeta|Any CPU
		{9EF07252-75DF-4359-B46A-30F3A84DFA41}.Orange_Prod|Any CPU.ActiveCfg = Orange_Prod|Any CPU
		{9EF07252-75DF-4359-B46A-30F3A84DFA41}.Orange_Prod|Any CPU.Build.0 = Orange_Prod|Any CPU
		{9EF07252-75DF-4359-B46A-30F3A84DFA41}.Orange_Prod|Mixed Platforms.ActiveCfg = Orange_Prod|Any CPU
		{9EF07252-75DF-4359-B46A-30F3A84DFA41}.Orange_Prod|Mixed Platforms.Build.0 = Orange_Prod|Any CPU
		{9EF07252-75DF-4359-B46A-30F3A84DFA41}.Orange_Prod|x86.ActiveCfg = Orange_Prod|Any CPU
		{9EF07252-75DF-4359-B46A-30F3A84DFA41}.Orange_QA|Any CPU.ActiveCfg = Orange_QA|Any CPU
		{9EF07252-75DF-4359-B46A-30F3A84DFA41}.Orange_QA|Any CPU.Build.0 = Orange_QA|Any CPU
		{9EF07252-75DF-4359-B46A-30F3A84DFA41}.Orange_QA|Mixed Platforms.ActiveCfg = Orange_QA|Any CPU
		{9EF07252-75DF-4359-B46A-30F3A84DFA41}.Orange_QA|Mixed Platforms.Build.0 = Orange_QA|Any CPU
		{9EF07252-75DF-4359-B46A-30F3A84DFA41}.Orange_QA|x86.ActiveCfg = Orange_QA|Any CPU
		{9EF07252-75DF-4359-B46A-30F3A84DFA41}.Prod|Any CPU.ActiveCfg = Prod|Any CPU
		{9EF07252-75DF-4359-B46A-30F3A84DFA41}.Prod|Any CPU.Build.0 = Prod|Any CPU
		{9EF07252-75DF-4359-B46A-30F3A84DFA41}.Prod|Mixed Platforms.ActiveCfg = Prod|Any CPU
		{9EF07252-75DF-4359-B46A-30F3A84DFA41}.Prod|Mixed Platforms.Build.0 = Prod|Any CPU
		{9EF07252-75DF-4359-B46A-30F3A84DFA41}.Prod|x86.ActiveCfg = Prod|Any CPU
		{9EF07252-75DF-4359-B46A-30F3A84DFA41}.QA|Any CPU.ActiveCfg = QA|Any CPU
		{9EF07252-75DF-4359-B46A-30F3A84DFA41}.QA|Any CPU.Build.0 = QA|Any CPU
		{9EF07252-75DF-4359-B46A-30F3A84DFA41}.QA|Mixed Platforms.ActiveCfg = QA|Any CPU
		{9EF07252-75DF-4359-B46A-30F3A84DFA41}.QA|Mixed Platforms.Build.0 = QA|Any CPU
		{9EF07252-75DF-4359-B46A-30F3A84DFA41}.QA|x86.ActiveCfg = QA|Any CPU
		{9EF07252-75DF-4359-B46A-30F3A84DFA41}.Release|Any CPU.ActiveCfg = Release|Any CPU
		{9EF07252-75DF-4359-B46A-30F3A84DFA41}.Release|Any CPU.Build.0 = Release|Any CPU
		{9EF07252-75DF-4359-B46A-30F3A84DFA41}.Release|Mixed Platforms.ActiveCfg = Release|Any CPU
		{9EF07252-75DF-4359-B46A-30F3A84DFA41}.Release|Mixed Platforms.Build.0 = Release|Any CPU
		{9EF07252-75DF-4359-B46A-30F3A84DFA41}.Release|x86.ActiveCfg = Release|Any CPU
		{C44B04EA-5C9D-4BB0-B365-FC9B0C87E93F}.Beta|Any CPU.ActiveCfg = Beta|Any CPU
		{C44B04EA-5C9D-4BB0-B365-FC9B0C87E93F}.Beta|Any CPU.Build.0 = Beta|Any CPU
		{C44B04EA-5C9D-4BB0-B365-FC9B0C87E93F}.Beta|Mixed Platforms.ActiveCfg = Beta|Any CPU
		{C44B04EA-5C9D-4BB0-B365-FC9B0C87E93F}.Beta|Mixed Platforms.Build.0 = Beta|Any CPU
		{C44B04EA-5C9D-4BB0-B365-FC9B0C87E93F}.Beta|x86.ActiveCfg = Beta|Any CPU
		{C44B04EA-5C9D-4BB0-B365-FC9B0C87E93F}.Debug|Any CPU.ActiveCfg = Debug|Any CPU
		{C44B04EA-5C9D-4BB0-B365-FC9B0C87E93F}.Debug|Any CPU.Build.0 = Debug|Any CPU
		{C44B04EA-5C9D-4BB0-B365-FC9B0C87E93F}.Gas-se_QA|Mixed Platforms.ActiveCfg = Gas-se_QA|Any CPU
		{C44B04EA-5C9D-4BB0-B365-FC9B0C87E93F}.Gas-se_QA|Mixed Platforms.Build.0 = Gas-se_QA|Any CPU
		{C44B04EA-5C9D-4BB0-B365-FC9B0C87E93F}.Gas-se_QA|x86.ActiveCfg = Gas-se_QA|Any CPU
		{C44B04EA-5C9D-4BB0-B365-FC9B0C87E93F}.NLAlert|Any CPU.ActiveCfg = NLAlert|Any CPU
		{C44B04EA-5C9D-4BB0-B365-FC9B0C87E93F}.NLAlert|Any CPU.Build.0 = NLAlert|Any CPU
		{C44B04EA-5C9D-4BB0-B365-FC9B0C87E93F}.NLAlert|Mixed Platforms.ActiveCfg = NLAlert|Any CPU
		{C44B04EA-5C9D-4BB0-B365-FC9B0C87E93F}.NLAlert|Mixed Platforms.Build.0 = NLAlert|Any CPU
		{C44B04EA-5C9D-4BB0-B365-FC9B0C87E93F}.NLAlert|x86.ActiveCfg = NLAlert|Any CPU
		{C44B04EA-5C9D-4BB0-B365-FC9B0C87E93F}.Nlbeta|Any CPU.ActiveCfg = Nlbeta|Any CPU
		{C44B04EA-5C9D-4BB0-B365-FC9B0C87E93F}.Nlbeta|Any CPU.Build.0 = Nlbeta|Any CPU
		{C44B04EA-5C9D-4BB0-B365-FC9B0C87E93F}.Nlbeta|Mixed Platforms.ActiveCfg = Nlbeta|Any CPU
		{C44B04EA-5C9D-4BB0-B365-FC9B0C87E93F}.Nlbeta|Mixed Platforms.Build.0 = Nlbeta|Any CPU
		{C44B04EA-5C9D-4BB0-B365-FC9B0C87E93F}.Nlbeta|x86.ActiveCfg = Nlbeta|Any CPU
		{C44B04EA-5C9D-4BB0-B365-FC9B0C87E93F}.Orange_Prod|Any CPU.ActiveCfg = Orange_Prod|Any CPU
		{C44B04EA-5C9D-4BB0-B365-FC9B0C87E93F}.Orange_Prod|Any CPU.Build.0 = Orange_Prod|Any CPU
		{C44B04EA-5C9D-4BB0-B365-FC9B0C87E93F}.Orange_Prod|Mixed Platforms.ActiveCfg = Orange_Prod|Any CPU
		{C44B04EA-5C9D-4BB0-B365-FC9B0C87E93F}.Orange_Prod|Mixed Platforms.Build.0 = Orange_Prod|Any CPU
		{C44B04EA-5C9D-4BB0-B365-FC9B0C87E93F}.Orange_Prod|x86.ActiveCfg = Orange_Prod|Any CPU
		{C44B04EA-5C9D-4BB0-B365-FC9B0C87E93F}.Orange_QA|Any CPU.ActiveCfg = Orange_QA|Any CPU
		{C44B04EA-5C9D-4BB0-B365-FC9B0C87E93F}.Orange_QA|Any CPU.Build.0 = Orange_QA|Any CPU
		{C44B04EA-5C9D-4BB0-B365-FC9B0C87E93F}.Orange_QA|Mixed Platforms.ActiveCfg = Orange_QA|Any CPU
		{C44B04EA-5C9D-4BB0-B365-FC9B0C87E93F}.Orange_QA|Mixed Platforms.Build.0 = Orange_QA|Any CPU
		{C44B04EA-5C9D-4BB0-B365-FC9B0C87E93F}.Orange_QA|x86.ActiveCfg = Orange_QA|Any CPU
		{C44B04EA-5C9D-4BB0-B365-FC9B0C87E93F}.Prod|Any CPU.ActiveCfg = Prod|Any CPU
		{C44B04EA-5C9D-4BB0-B365-FC9B0C87E93F}.Prod|Any CPU.Build.0 = Prod|Any CPU
		{C44B04EA-5C9D-4BB0-B365-FC9B0C87E93F}.Prod|Mixed Platforms.ActiveCfg = Prod|Any CPU
		{C44B04EA-5C9D-4BB0-B365-FC9B0C87E93F}.Prod|Mixed Platforms.Build.0 = Prod|Any CPU
		{C44B04EA-5C9D-4BB0-B365-FC9B0C87E93F}.Prod|x86.ActiveCfg = Prod|Any CPU
		{C44B04EA-5C9D-4BB0-B365-FC9B0C87E93F}.QA|Any CPU.ActiveCfg = QA|Any CPU
		{C44B04EA-5C9D-4BB0-B365-FC9B0C87E93F}.QA|Any CPU.Build.0 = QA|Any CPU
		{C44B04EA-5C9D-4BB0-B365-FC9B0C87E93F}.QA|Mixed Platforms.ActiveCfg = QA|Any CPU
		{C44B04EA-5C9D-4BB0-B365-FC9B0C87E93F}.QA|Mixed Platforms.Build.0 = QA|Any CPU
		{C44B04EA-5C9D-4BB0-B365-FC9B0C87E93F}.QA|x86.ActiveCfg = QA|Any CPU
		{C44B04EA-5C9D-4BB0-B365-FC9B0C87E93F}.Release|Any CPU.ActiveCfg = Release|Any CPU
		{C44B04EA-5C9D-4BB0-B365-FC9B0C87E93F}.Release|Any CPU.Build.0 = Release|Any CPU
		{C44B04EA-5C9D-4BB0-B365-FC9B0C87E93F}.Release|Mixed Platforms.ActiveCfg = Release|Any CPU
		{C44B04EA-5C9D-4BB0-B365-FC9B0C87E93F}.Release|Mixed Platforms.Build.0 = Release|Any CPU
		{C44B04EA-5C9D-4BB0-B365-FC9B0C87E93F}.Release|x86.ActiveCfg = Release|Any CPU
		{8CDBBCD2-D0EA-4A62-B60C-A500D5CB68DA}.Beta|Any CPU.ActiveCfg = Beta|Any CPU
		{8CDBBCD2-D0EA-4A62-B60C-A500D5CB68DA}.Beta|Any CPU.Build.0 = Beta|Any CPU
		{8CDBBCD2-D0EA-4A62-B60C-A500D5CB68DA}.Beta|Mixed Platforms.ActiveCfg = Beta|Any CPU
		{8CDBBCD2-D0EA-4A62-B60C-A500D5CB68DA}.Beta|Mixed Platforms.Build.0 = Beta|Any CPU
		{8CDBBCD2-D0EA-4A62-B60C-A500D5CB68DA}.Beta|x86.ActiveCfg = Beta|Any CPU
		{8CDBBCD2-D0EA-4A62-B60C-A500D5CB68DA}.Debug|Any CPU.ActiveCfg = Debug|Any CPU
		{8CDBBCD2-D0EA-4A62-B60C-A500D5CB68DA}.Debug|Any CPU.Build.0 = Debug|Any CPU
		{8CDBBCD2-D0EA-4A62-B60C-A500D5CB68DA}.Gas-se_QA|Mixed Platforms.ActiveCfg = Gas-se_QA|Any CPU
		{8CDBBCD2-D0EA-4A62-B60C-A500D5CB68DA}.Gas-se_QA|Mixed Platforms.Build.0 = Gas-se_QA|Any CPU
		{8CDBBCD2-D0EA-4A62-B60C-A500D5CB68DA}.Gas-se_QA|x86.ActiveCfg = Gas-se_QA|Any CPU
		{8CDBBCD2-D0EA-4A62-B60C-A500D5CB68DA}.NLAlert|Any CPU.ActiveCfg = NLAlert|Any CPU
		{8CDBBCD2-D0EA-4A62-B60C-A500D5CB68DA}.NLAlert|Any CPU.Build.0 = NLAlert|Any CPU
		{8CDBBCD2-D0EA-4A62-B60C-A500D5CB68DA}.NLAlert|Mixed Platforms.ActiveCfg = NLAlert|Any CPU
		{8CDBBCD2-D0EA-4A62-B60C-A500D5CB68DA}.NLAlert|Mixed Platforms.Build.0 = NLAlert|Any CPU
		{8CDBBCD2-D0EA-4A62-B60C-A500D5CB68DA}.NLAlert|x86.ActiveCfg = NLAlert|Any CPU
		{8CDBBCD2-D0EA-4A62-B60C-A500D5CB68DA}.Nlbeta|Any CPU.ActiveCfg = Nlbeta|Any CPU
		{8CDBBCD2-D0EA-4A62-B60C-A500D5CB68DA}.Nlbeta|Any CPU.Build.0 = Nlbeta|Any CPU
		{8CDBBCD2-D0EA-4A62-B60C-A500D5CB68DA}.Nlbeta|Mixed Platforms.ActiveCfg = Nlbeta|Any CPU
		{8CDBBCD2-D0EA-4A62-B60C-A500D5CB68DA}.Nlbeta|Mixed Platforms.Build.0 = Nlbeta|Any CPU
		{8CDBBCD2-D0EA-4A62-B60C-A500D5CB68DA}.Nlbeta|x86.ActiveCfg = Nlbeta|Any CPU
		{8CDBBCD2-D0EA-4A62-B60C-A500D5CB68DA}.Orange_Prod|Any CPU.ActiveCfg = Orange_Prod|Any CPU
		{8CDBBCD2-D0EA-4A62-B60C-A500D5CB68DA}.Orange_Prod|Any CPU.Build.0 = Orange_Prod|Any CPU
		{8CDBBCD2-D0EA-4A62-B60C-A500D5CB68DA}.Orange_Prod|Mixed Platforms.ActiveCfg = Orange_Prod|Any CPU
		{8CDBBCD2-D0EA-4A62-B60C-A500D5CB68DA}.Orange_Prod|Mixed Platforms.Build.0 = Orange_Prod|Any CPU
		{8CDBBCD2-D0EA-4A62-B60C-A500D5CB68DA}.Orange_Prod|x86.ActiveCfg = Orange_Prod|Any CPU
		{8CDBBCD2-D0EA-4A62-B60C-A500D5CB68DA}.Orange_QA|Any CPU.ActiveCfg = Orange_QA|Any CPU
		{8CDBBCD2-D0EA-4A62-B60C-A500D5CB68DA}.Orange_QA|Any CPU.Build.0 = Orange_QA|Any CPU
		{8CDBBCD2-D0EA-4A62-B60C-A500D5CB68DA}.Orange_QA|Mixed Platforms.ActiveCfg = Orange_QA|Any CPU
		{8CDBBCD2-D0EA-4A62-B60C-A500D5CB68DA}.Orange_QA|Mixed Platforms.Build.0 = Orange_QA|Any CPU
		{8CDBBCD2-D0EA-4A62-B60C-A500D5CB68DA}.Orange_QA|x86.ActiveCfg = Orange_QA|Any CPU
		{8CDBBCD2-D0EA-4A62-B60C-A500D5CB68DA}.Prod|Any CPU.ActiveCfg = Prod|Any CPU
		{8CDBBCD2-D0EA-4A62-B60C-A500D5CB68DA}.Prod|Any CPU.Build.0 = Prod|Any CPU
		{8CDBBCD2-D0EA-4A62-B60C-A500D5CB68DA}.Prod|Mixed Platforms.ActiveCfg = Prod|Any CPU
		{8CDBBCD2-D0EA-4A62-B60C-A500D5CB68DA}.Prod|Mixed Platforms.Build.0 = Prod|Any CPU
		{8CDBBCD2-D0EA-4A62-B60C-A500D5CB68DA}.Prod|x86.ActiveCfg = Prod|Any CPU
		{8CDBBCD2-D0EA-4A62-B60C-A500D5CB68DA}.QA|Any CPU.ActiveCfg = QA|Any CPU
		{8CDBBCD2-D0EA-4A62-B60C-A500D5CB68DA}.QA|Any CPU.Build.0 = QA|Any CPU
		{8CDBBCD2-D0EA-4A62-B60C-A500D5CB68DA}.QA|Mixed Platforms.ActiveCfg = QA|Any CPU
		{8CDBBCD2-D0EA-4A62-B60C-A500D5CB68DA}.QA|Mixed Platforms.Build.0 = QA|Any CPU
		{8CDBBCD2-D0EA-4A62-B60C-A500D5CB68DA}.QA|x86.ActiveCfg = QA|Any CPU
		{8CDBBCD2-D0EA-4A62-B60C-A500D5CB68DA}.Release|Any CPU.ActiveCfg = Release|Any CPU
		{8CDBBCD2-D0EA-4A62-B60C-A500D5CB68DA}.Release|Any CPU.Build.0 = Release|Any CPU
		{8CDBBCD2-D0EA-4A62-B60C-A500D5CB68DA}.Release|Mixed Platforms.ActiveCfg = Release|Any CPU
		{8CDBBCD2-D0EA-4A62-B60C-A500D5CB68DA}.Release|Mixed Platforms.Build.0 = Release|Any CPU
		{8CDBBCD2-D0EA-4A62-B60C-A500D5CB68DA}.Release|x86.ActiveCfg = Release|Any CPU
		{C978F68F-CC6D-4653-9E39-74EDACB6F70C}.Beta|Any CPU.ActiveCfg = Beta|Any CPU
		{C978F68F-CC6D-4653-9E39-74EDACB6F70C}.Beta|Any CPU.Build.0 = Beta|Any CPU
		{C978F68F-CC6D-4653-9E39-74EDACB6F70C}.Beta|Mixed Platforms.ActiveCfg = Beta|Any CPU
		{C978F68F-CC6D-4653-9E39-74EDACB6F70C}.Beta|Mixed Platforms.Build.0 = Beta|Any CPU
		{C978F68F-CC6D-4653-9E39-74EDACB6F70C}.Beta|x86.ActiveCfg = Beta|Any CPU
		{C978F68F-CC6D-4653-9E39-74EDACB6F70C}.Debug|Any CPU.ActiveCfg = Debug|Any CPU
		{C978F68F-CC6D-4653-9E39-74EDACB6F70C}.Debug|Any CPU.Build.0 = Debug|Any CPU
		{C978F68F-CC6D-4653-9E39-74EDACB6F70C}.Gas-se_QA|Mixed Platforms.ActiveCfg = Gas-se_QA|Any CPU
		{C978F68F-CC6D-4653-9E39-74EDACB6F70C}.Gas-se_QA|Mixed Platforms.Build.0 = Gas-se_QA|Any CPU
		{C978F68F-CC6D-4653-9E39-74EDACB6F70C}.Gas-se_QA|x86.ActiveCfg = Gas-se_QA|Any CPU
		{C978F68F-CC6D-4653-9E39-74EDACB6F70C}.NLAlert|Any CPU.ActiveCfg = NLAlert|Any CPU
		{C978F68F-CC6D-4653-9E39-74EDACB6F70C}.NLAlert|Any CPU.Build.0 = NLAlert|Any CPU
		{C978F68F-CC6D-4653-9E39-74EDACB6F70C}.NLAlert|Mixed Platforms.ActiveCfg = NLAlert|Any CPU
		{C978F68F-CC6D-4653-9E39-74EDACB6F70C}.NLAlert|Mixed Platforms.Build.0 = NLAlert|Any CPU
		{C978F68F-CC6D-4653-9E39-74EDACB6F70C}.NLAlert|x86.ActiveCfg = NLAlert|Any CPU
		{C978F68F-CC6D-4653-9E39-74EDACB6F70C}.Nlbeta|Any CPU.ActiveCfg = Nlbeta|Any CPU
		{C978F68F-CC6D-4653-9E39-74EDACB6F70C}.Nlbeta|Any CPU.Build.0 = Nlbeta|Any CPU
		{C978F68F-CC6D-4653-9E39-74EDACB6F70C}.Nlbeta|Mixed Platforms.ActiveCfg = Nlbeta|Any CPU
		{C978F68F-CC6D-4653-9E39-74EDACB6F70C}.Nlbeta|Mixed Platforms.Build.0 = Nlbeta|Any CPU
		{C978F68F-CC6D-4653-9E39-74EDACB6F70C}.Nlbeta|x86.ActiveCfg = Nlbeta|Any CPU
		{C978F68F-CC6D-4653-9E39-74EDACB6F70C}.Orange_Prod|Any CPU.ActiveCfg = Orange_Prod|Any CPU
		{C978F68F-CC6D-4653-9E39-74EDACB6F70C}.Orange_Prod|Any CPU.Build.0 = Orange_Prod|Any CPU
		{C978F68F-CC6D-4653-9E39-74EDACB6F70C}.Orange_Prod|Mixed Platforms.ActiveCfg = Orange_Prod|Any CPU
		{C978F68F-CC6D-4653-9E39-74EDACB6F70C}.Orange_Prod|Mixed Platforms.Build.0 = Orange_Prod|Any CPU
		{C978F68F-CC6D-4653-9E39-74EDACB6F70C}.Orange_Prod|x86.ActiveCfg = Orange_Prod|Any CPU
		{C978F68F-CC6D-4653-9E39-74EDACB6F70C}.Orange_QA|Any CPU.ActiveCfg = Orange_QA|Any CPU
		{C978F68F-CC6D-4653-9E39-74EDACB6F70C}.Orange_QA|Any CPU.Build.0 = Orange_QA|Any CPU
		{C978F68F-CC6D-4653-9E39-74EDACB6F70C}.Orange_QA|Mixed Platforms.ActiveCfg = Orange_QA|Any CPU
		{C978F68F-CC6D-4653-9E39-74EDACB6F70C}.Orange_QA|Mixed Platforms.Build.0 = Orange_QA|Any CPU
		{C978F68F-CC6D-4653-9E39-74EDACB6F70C}.Orange_QA|x86.ActiveCfg = Orange_QA|Any CPU
		{C978F68F-CC6D-4653-9E39-74EDACB6F70C}.Prod|Any CPU.ActiveCfg = Prod|Any CPU
		{C978F68F-CC6D-4653-9E39-74EDACB6F70C}.Prod|Any CPU.Build.0 = Prod|Any CPU
		{C978F68F-CC6D-4653-9E39-74EDACB6F70C}.Prod|Mixed Platforms.ActiveCfg = Prod|Any CPU
		{C978F68F-CC6D-4653-9E39-74EDACB6F70C}.Prod|Mixed Platforms.Build.0 = Prod|Any CPU
		{C978F68F-CC6D-4653-9E39-74EDACB6F70C}.Prod|x86.ActiveCfg = Prod|Any CPU
		{C978F68F-CC6D-4653-9E39-74EDACB6F70C}.QA|Any CPU.ActiveCfg = QA|Any CPU
		{C978F68F-CC6D-4653-9E39-74EDACB6F70C}.QA|Any CPU.Build.0 = QA|Any CPU
		{C978F68F-CC6D-4653-9E39-74EDACB6F70C}.QA|Mixed Platforms.ActiveCfg = QA|Any CPU
		{C978F68F-CC6D-4653-9E39-74EDACB6F70C}.QA|Mixed Platforms.Build.0 = QA|Any CPU
		{C978F68F-CC6D-4653-9E39-74EDACB6F70C}.QA|x86.ActiveCfg = QA|Any CPU
		{C978F68F-CC6D-4653-9E39-74EDACB6F70C}.Release|Any CPU.ActiveCfg = Release|Any CPU
		{C978F68F-CC6D-4653-9E39-74EDACB6F70C}.Release|Any CPU.Build.0 = Release|Any CPU
		{C978F68F-CC6D-4653-9E39-74EDACB6F70C}.Release|Mixed Platforms.ActiveCfg = Release|Any CPU
		{C978F68F-CC6D-4653-9E39-74EDACB6F70C}.Release|Mixed Platforms.Build.0 = Release|Any CPU
		{C978F68F-CC6D-4653-9E39-74EDACB6F70C}.Release|x86.ActiveCfg = Release|Any CPU
		{A5425810-1124-4CB3-94C4-926460B420BC}.Beta|Any CPU.ActiveCfg = Beta|Any CPU
		{A5425810-1124-4CB3-94C4-926460B420BC}.Beta|Any CPU.Build.0 = Beta|Any CPU
		{A5425810-1124-4CB3-94C4-926460B420BC}.Beta|Mixed Platforms.ActiveCfg = Beta|Any CPU
		{A5425810-1124-4CB3-94C4-926460B420BC}.Beta|Mixed Platforms.Build.0 = Beta|Any CPU
		{A5425810-1124-4CB3-94C4-926460B420BC}.Beta|x86.ActiveCfg = Beta|Any CPU
		{A5425810-1124-4CB3-94C4-926460B420BC}.Debug|Any CPU.ActiveCfg = Debug|Any CPU
		{A5425810-1124-4CB3-94C4-926460B420BC}.Debug|Any CPU.Build.0 = Debug|Any CPU
		{A5425810-1124-4CB3-94C4-926460B420BC}.Gas-se_QA|Mixed Platforms.ActiveCfg = Gas-se_QA|Any CPU
		{A5425810-1124-4CB3-94C4-926460B420BC}.Gas-se_QA|Mixed Platforms.Build.0 = Gas-se_QA|Any CPU
		{A5425810-1124-4CB3-94C4-926460B420BC}.Gas-se_QA|x86.ActiveCfg = Gas-se_QA|Any CPU
		{A5425810-1124-4CB3-94C4-926460B420BC}.NLAlert|Any CPU.ActiveCfg = NLAlert|Any CPU
		{A5425810-1124-4CB3-94C4-926460B420BC}.NLAlert|Any CPU.Build.0 = NLAlert|Any CPU
		{A5425810-1124-4CB3-94C4-926460B420BC}.NLAlert|Mixed Platforms.ActiveCfg = NLAlert|Any CPU
		{A5425810-1124-4CB3-94C4-926460B420BC}.NLAlert|Mixed Platforms.Build.0 = NLAlert|Any CPU
		{A5425810-1124-4CB3-94C4-926460B420BC}.NLAlert|x86.ActiveCfg = NLAlert|Any CPU
		{A5425810-1124-4CB3-94C4-926460B420BC}.Nlbeta|Any CPU.ActiveCfg = Nlbeta|Any CPU
		{A5425810-1124-4CB3-94C4-926460B420BC}.Nlbeta|Any CPU.Build.0 = Nlbeta|Any CPU
		{A5425810-1124-4CB3-94C4-926460B420BC}.Nlbeta|Mixed Platforms.ActiveCfg = Nlbeta|Any CPU
		{A5425810-1124-4CB3-94C4-926460B420BC}.Nlbeta|Mixed Platforms.Build.0 = Nlbeta|Any CPU
		{A5425810-1124-4CB3-94C4-926460B420BC}.Nlbeta|x86.ActiveCfg = Nlbeta|Any CPU
		{A5425810-1124-4CB3-94C4-926460B420BC}.Orange_Prod|Any CPU.ActiveCfg = Orange_Prod|Any CPU
		{A5425810-1124-4CB3-94C4-926460B420BC}.Orange_Prod|Any CPU.Build.0 = Orange_Prod|Any CPU
		{A5425810-1124-4CB3-94C4-926460B420BC}.Orange_Prod|Mixed Platforms.ActiveCfg = Orange_Prod|Any CPU
		{A5425810-1124-4CB3-94C4-926460B420BC}.Orange_Prod|Mixed Platforms.Build.0 = Orange_Prod|Any CPU
		{A5425810-1124-4CB3-94C4-926460B420BC}.Orange_Prod|x86.ActiveCfg = Orange_Prod|Any CPU
		{A5425810-1124-4CB3-94C4-926460B420BC}.Orange_QA|Any CPU.ActiveCfg = Orange_QA|Any CPU
		{A5425810-1124-4CB3-94C4-926460B420BC}.Orange_QA|Any CPU.Build.0 = Orange_QA|Any CPU
		{A5425810-1124-4CB3-94C4-926460B420BC}.Orange_QA|Mixed Platforms.ActiveCfg = Orange_QA|Any CPU
		{A5425810-1124-4CB3-94C4-926460B420BC}.Orange_QA|Mixed Platforms.Build.0 = Orange_QA|Any CPU
		{A5425810-1124-4CB3-94C4-926460B420BC}.Orange_QA|x86.ActiveCfg = Orange_QA|Any CPU
		{A5425810-1124-4CB3-94C4-926460B420BC}.Prod|Any CPU.ActiveCfg = Prod|Any CPU
		{A5425810-1124-4CB3-94C4-926460B420BC}.Prod|Any CPU.Build.0 = Prod|Any CPU
		{A5425810-1124-4CB3-94C4-926460B420BC}.Prod|Mixed Platforms.ActiveCfg = Prod|Any CPU
		{A5425810-1124-4CB3-94C4-926460B420BC}.Prod|Mixed Platforms.Build.0 = Prod|Any CPU
		{A5425810-1124-4CB3-94C4-926460B420BC}.Prod|x86.ActiveCfg = Prod|Any CPU
		{A5425810-1124-4CB3-94C4-926460B420BC}.QA|Any CPU.ActiveCfg = QA|Any CPU
		{A5425810-1124-4CB3-94C4-926460B420BC}.QA|Any CPU.Build.0 = QA|Any CPU
		{A5425810-1124-4CB3-94C4-926460B420BC}.QA|Mixed Platforms.ActiveCfg = QA|Any CPU
		{A5425810-1124-4CB3-94C4-926460B420BC}.QA|Mixed Platforms.Build.0 = QA|Any CPU
		{A5425810-1124-4CB3-94C4-926460B420BC}.QA|x86.ActiveCfg = QA|Any CPU
		{A5425810-1124-4CB3-94C4-926460B420BC}.Release|Any CPU.ActiveCfg = Release|Any CPU
		{A5425810-1124-4CB3-94C4-926460B420BC}.Release|Any CPU.Build.0 = Release|Any CPU
		{A5425810-1124-4CB3-94C4-926460B420BC}.Release|Mixed Platforms.ActiveCfg = Release|Any CPU
		{A5425810-1124-4CB3-94C4-926460B420BC}.Release|Mixed Platforms.Build.0 = Release|Any CPU
		{A5425810-1124-4CB3-94C4-926460B420BC}.Release|x86.ActiveCfg = Release|Any CPU
		{8A4A7EA2-8F21-499C-8ECD-34E7FD676B0F}.Beta|Any CPU.ActiveCfg = Beta|Any CPU
		{8A4A7EA2-8F21-499C-8ECD-34E7FD676B0F}.Beta|Any CPU.Build.0 = Beta|Any CPU
		{8A4A7EA2-8F21-499C-8ECD-34E7FD676B0F}.Beta|Mixed Platforms.ActiveCfg = Beta|Any CPU
		{8A4A7EA2-8F21-499C-8ECD-34E7FD676B0F}.Beta|Mixed Platforms.Build.0 = Beta|Any CPU
		{8A4A7EA2-8F21-499C-8ECD-34E7FD676B0F}.Beta|x86.ActiveCfg = Beta|Any CPU
		{8A4A7EA2-8F21-499C-8ECD-34E7FD676B0F}.Debug|Any CPU.ActiveCfg = Debug|Any CPU
		{8A4A7EA2-8F21-499C-8ECD-34E7FD676B0F}.Debug|Any CPU.Build.0 = Debug|Any CPU
		{8A4A7EA2-8F21-499C-8ECD-34E7FD676B0F}.Gas-se_QA|Mixed Platforms.ActiveCfg = Gas-se_QA|Any CPU
		{8A4A7EA2-8F21-499C-8ECD-34E7FD676B0F}.Gas-se_QA|Mixed Platforms.Build.0 = Gas-se_QA|Any CPU
		{8A4A7EA2-8F21-499C-8ECD-34E7FD676B0F}.Gas-se_QA|x86.ActiveCfg = Gas-se_QA|Any CPU
		{8A4A7EA2-8F21-499C-8ECD-34E7FD676B0F}.NLAlert|Any CPU.ActiveCfg = NLAlert|Any CPU
		{8A4A7EA2-8F21-499C-8ECD-34E7FD676B0F}.NLAlert|Any CPU.Build.0 = NLAlert|Any CPU
		{8A4A7EA2-8F21-499C-8ECD-34E7FD676B0F}.NLAlert|Mixed Platforms.ActiveCfg = NLAlert|Any CPU
		{8A4A7EA2-8F21-499C-8ECD-34E7FD676B0F}.NLAlert|Mixed Platforms.Build.0 = NLAlert|Any CPU
		{8A4A7EA2-8F21-499C-8ECD-34E7FD676B0F}.NLAlert|x86.ActiveCfg = NLAlert|Any CPU
		{8A4A7EA2-8F21-499C-8ECD-34E7FD676B0F}.Nlbeta|Any CPU.ActiveCfg = Nlbeta|Any CPU
		{8A4A7EA2-8F21-499C-8ECD-34E7FD676B0F}.Nlbeta|Any CPU.Build.0 = Nlbeta|Any CPU
		{8A4A7EA2-8F21-499C-8ECD-34E7FD676B0F}.Nlbeta|Mixed Platforms.ActiveCfg = Nlbeta|Any CPU
		{8A4A7EA2-8F21-499C-8ECD-34E7FD676B0F}.Nlbeta|Mixed Platforms.Build.0 = Nlbeta|Any CPU
		{8A4A7EA2-8F21-499C-8ECD-34E7FD676B0F}.Nlbeta|x86.ActiveCfg = Nlbeta|Any CPU
		{8A4A7EA2-8F21-499C-8ECD-34E7FD676B0F}.Orange_Prod|Any CPU.ActiveCfg = Orange_Prod|Any CPU
		{8A4A7EA2-8F21-499C-8ECD-34E7FD676B0F}.Orange_Prod|Any CPU.Build.0 = Orange_Prod|Any CPU
		{8A4A7EA2-8F21-499C-8ECD-34E7FD676B0F}.Orange_Prod|Mixed Platforms.ActiveCfg = Orange_Prod|Any CPU
		{8A4A7EA2-8F21-499C-8ECD-34E7FD676B0F}.Orange_Prod|Mixed Platforms.Build.0 = Orange_Prod|Any CPU
		{8A4A7EA2-8F21-499C-8ECD-34E7FD676B0F}.Orange_Prod|x86.ActiveCfg = Orange_Prod|Any CPU
		{8A4A7EA2-8F21-499C-8ECD-34E7FD676B0F}.Orange_QA|Any CPU.ActiveCfg = Orange_QA|Any CPU
		{8A4A7EA2-8F21-499C-8ECD-34E7FD676B0F}.Orange_QA|Any CPU.Build.0 = Orange_QA|Any CPU
		{8A4A7EA2-8F21-499C-8ECD-34E7FD676B0F}.Orange_QA|Mixed Platforms.ActiveCfg = Orange_QA|Any CPU
		{8A4A7EA2-8F21-499C-8ECD-34E7FD676B0F}.Orange_QA|Mixed Platforms.Build.0 = Orange_QA|Any CPU
		{8A4A7EA2-8F21-499C-8ECD-34E7FD676B0F}.Orange_QA|x86.ActiveCfg = Orange_QA|Any CPU
		{8A4A7EA2-8F21-499C-8ECD-34E7FD676B0F}.Prod|Any CPU.ActiveCfg = Prod|Any CPU
		{8A4A7EA2-8F21-499C-8ECD-34E7FD676B0F}.Prod|Any CPU.Build.0 = Prod|Any CPU
		{8A4A7EA2-8F21-499C-8ECD-34E7FD676B0F}.Prod|Mixed Platforms.ActiveCfg = Prod|Any CPU
		{8A4A7EA2-8F21-499C-8ECD-34E7FD676B0F}.Prod|Mixed Platforms.Build.0 = Prod|Any CPU
		{8A4A7EA2-8F21-499C-8ECD-34E7FD676B0F}.Prod|x86.ActiveCfg = Prod|Any CPU
		{8A4A7EA2-8F21-499C-8ECD-34E7FD676B0F}.QA|Any CPU.ActiveCfg = QA|Any CPU
		{8A4A7EA2-8F21-499C-8ECD-34E7FD676B0F}.QA|Any CPU.Build.0 = QA|Any CPU
		{8A4A7EA2-8F21-499C-8ECD-34E7FD676B0F}.QA|Mixed Platforms.ActiveCfg = QA|Any CPU
		{8A4A7EA2-8F21-499C-8ECD-34E7FD676B0F}.QA|Mixed Platforms.Build.0 = QA|Any CPU
		{8A4A7EA2-8F21-499C-8ECD-34E7FD676B0F}.QA|x86.ActiveCfg = QA|Any CPU
		{8A4A7EA2-8F21-499C-8ECD-34E7FD676B0F}.Release|Any CPU.ActiveCfg = Release|Any CPU
		{8A4A7EA2-8F21-499C-8ECD-34E7FD676B0F}.Release|Any CPU.Build.0 = Release|Any CPU
		{8A4A7EA2-8F21-499C-8ECD-34E7FD676B0F}.Release|Mixed Platforms.ActiveCfg = Release|Any CPU
		{8A4A7EA2-8F21-499C-8ECD-34E7FD676B0F}.Release|Mixed Platforms.Build.0 = Release|Any CPU
		{8A4A7EA2-8F21-499C-8ECD-34E7FD676B0F}.Release|x86.ActiveCfg = Release|Any CPU
		{AFA1CF4A-03FA-402D-A8E0-D4F0CC6AC6A3}.Beta|Any CPU.ActiveCfg = Beta|Any CPU
		{AFA1CF4A-03FA-402D-A8E0-D4F0CC6AC6A3}.Beta|Any CPU.Build.0 = Beta|Any CPU
		{AFA1CF4A-03FA-402D-A8E0-D4F0CC6AC6A3}.Beta|Mixed Platforms.ActiveCfg = Beta|Any CPU
		{AFA1CF4A-03FA-402D-A8E0-D4F0CC6AC6A3}.Beta|Mixed Platforms.Build.0 = Beta|Any CPU
		{AFA1CF4A-03FA-402D-A8E0-D4F0CC6AC6A3}.Beta|x86.ActiveCfg = Beta|Any CPU
		{AFA1CF4A-03FA-402D-A8E0-D4F0CC6AC6A3}.Debug|Any CPU.ActiveCfg = Debug|Any CPU
		{AFA1CF4A-03FA-402D-A8E0-D4F0CC6AC6A3}.Debug|Any CPU.Build.0 = Debug|Any CPU
		{AFA1CF4A-03FA-402D-A8E0-D4F0CC6AC6A3}.Gas-se_QA|Mixed Platforms.ActiveCfg = Gas-se_QA|Any CPU
		{AFA1CF4A-03FA-402D-A8E0-D4F0CC6AC6A3}.Gas-se_QA|Mixed Platforms.Build.0 = Gas-se_QA|Any CPU
		{AFA1CF4A-03FA-402D-A8E0-D4F0CC6AC6A3}.Gas-se_QA|x86.ActiveCfg = Gas-se_QA|Any CPU
		{AFA1CF4A-03FA-402D-A8E0-D4F0CC6AC6A3}.NLAlert|Any CPU.ActiveCfg = NLAlert|Any CPU
		{AFA1CF4A-03FA-402D-A8E0-D4F0CC6AC6A3}.NLAlert|Any CPU.Build.0 = NLAlert|Any CPU
		{AFA1CF4A-03FA-402D-A8E0-D4F0CC6AC6A3}.NLAlert|Mixed Platforms.ActiveCfg = NLAlert|Any CPU
		{AFA1CF4A-03FA-402D-A8E0-D4F0CC6AC6A3}.NLAlert|Mixed Platforms.Build.0 = NLAlert|Any CPU
		{AFA1CF4A-03FA-402D-A8E0-D4F0CC6AC6A3}.NLAlert|x86.ActiveCfg = NLAlert|Any CPU
		{AFA1CF4A-03FA-402D-A8E0-D4F0CC6AC6A3}.Nlbeta|Any CPU.ActiveCfg = Nlbeta|Any CPU
		{AFA1CF4A-03FA-402D-A8E0-D4F0CC6AC6A3}.Nlbeta|Any CPU.Build.0 = Nlbeta|Any CPU
		{AFA1CF4A-03FA-402D-A8E0-D4F0CC6AC6A3}.Nlbeta|Mixed Platforms.ActiveCfg = Nlbeta|Any CPU
		{AFA1CF4A-03FA-402D-A8E0-D4F0CC6AC6A3}.Nlbeta|Mixed Platforms.Build.0 = Nlbeta|Any CPU
		{AFA1CF4A-03FA-402D-A8E0-D4F0CC6AC6A3}.Nlbeta|x86.ActiveCfg = Nlbeta|Any CPU
		{AFA1CF4A-03FA-402D-A8E0-D4F0CC6AC6A3}.Orange_Prod|Any CPU.ActiveCfg = Orange_Prod|Any CPU
		{AFA1CF4A-03FA-402D-A8E0-D4F0CC6AC6A3}.Orange_Prod|Any CPU.Build.0 = Orange_Prod|Any CPU
		{AFA1CF4A-03FA-402D-A8E0-D4F0CC6AC6A3}.Orange_Prod|Mixed Platforms.ActiveCfg = Orange_Prod|Any CPU
		{AFA1CF4A-03FA-402D-A8E0-D4F0CC6AC6A3}.Orange_Prod|Mixed Platforms.Build.0 = Orange_Prod|Any CPU
		{AFA1CF4A-03FA-402D-A8E0-D4F0CC6AC6A3}.Orange_Prod|x86.ActiveCfg = Orange_Prod|Any CPU
		{AFA1CF4A-03FA-402D-A8E0-D4F0CC6AC6A3}.Orange_QA|Any CPU.ActiveCfg = Orange_QA|Any CPU
		{AFA1CF4A-03FA-402D-A8E0-D4F0CC6AC6A3}.Orange_QA|Any CPU.Build.0 = Orange_QA|Any CPU
		{AFA1CF4A-03FA-402D-A8E0-D4F0CC6AC6A3}.Orange_QA|Mixed Platforms.ActiveCfg = Orange_QA|Any CPU
		{AFA1CF4A-03FA-402D-A8E0-D4F0CC6AC6A3}.Orange_QA|Mixed Platforms.Build.0 = Orange_QA|Any CPU
		{AFA1CF4A-03FA-402D-A8E0-D4F0CC6AC6A3}.Orange_QA|x86.ActiveCfg = Orange_QA|Any CPU
		{AFA1CF4A-03FA-402D-A8E0-D4F0CC6AC6A3}.Prod|Any CPU.ActiveCfg = Prod|Any CPU
		{AFA1CF4A-03FA-402D-A8E0-D4F0CC6AC6A3}.Prod|Any CPU.Build.0 = Prod|Any CPU
		{AFA1CF4A-03FA-402D-A8E0-D4F0CC6AC6A3}.Prod|Mixed Platforms.ActiveCfg = Prod|Any CPU
		{AFA1CF4A-03FA-402D-A8E0-D4F0CC6AC6A3}.Prod|Mixed Platforms.Build.0 = Prod|Any CPU
		{AFA1CF4A-03FA-402D-A8E0-D4F0CC6AC6A3}.Prod|x86.ActiveCfg = Prod|Any CPU
		{AFA1CF4A-03FA-402D-A8E0-D4F0CC6AC6A3}.QA|Any CPU.ActiveCfg = QA|Any CPU
		{AFA1CF4A-03FA-402D-A8E0-D4F0CC6AC6A3}.QA|Any CPU.Build.0 = QA|Any CPU
		{AFA1CF4A-03FA-402D-A8E0-D4F0CC6AC6A3}.QA|Mixed Platforms.ActiveCfg = QA|Any CPU
		{AFA1CF4A-03FA-402D-A8E0-D4F0CC6AC6A3}.QA|Mixed Platforms.Build.0 = QA|Any CPU
		{AFA1CF4A-03FA-402D-A8E0-D4F0CC6AC6A3}.QA|x86.ActiveCfg = QA|Any CPU
		{AFA1CF4A-03FA-402D-A8E0-D4F0CC6AC6A3}.Release|Any CPU.ActiveCfg = Release|Any CPU
		{AFA1CF4A-03FA-402D-A8E0-D4F0CC6AC6A3}.Release|Any CPU.Build.0 = Release|Any CPU
		{AFA1CF4A-03FA-402D-A8E0-D4F0CC6AC6A3}.Release|Mixed Platforms.ActiveCfg = Release|Any CPU
		{AFA1CF4A-03FA-402D-A8E0-D4F0CC6AC6A3}.Release|Mixed Platforms.Build.0 = Release|Any CPU
		{AFA1CF4A-03FA-402D-A8E0-D4F0CC6AC6A3}.Release|x86.ActiveCfg = Release|Any CPU
		{5F25B3F4-CA67-4BB1-B693-A7AF76170ABF}.Beta|Any CPU.ActiveCfg = Release|Any CPU
		{5F25B3F4-CA67-4BB1-B693-A7AF76170ABF}.Beta|Any CPU.Build.0 = Release|Any CPU
		{5F25B3F4-CA67-4BB1-B693-A7AF76170ABF}.Beta|Mixed Platforms.ActiveCfg = Release|Any CPU
		{5F25B3F4-CA67-4BB1-B693-A7AF76170ABF}.Beta|Mixed Platforms.Build.0 = Release|Any CPU
		{5F25B3F4-CA67-4BB1-B693-A7AF76170ABF}.Beta|x86.ActiveCfg = Release|Any CPU
		{5F25B3F4-CA67-4BB1-B693-A7AF76170ABF}.Debug|Any CPU.ActiveCfg = Debug|Any CPU
		{5F25B3F4-CA67-4BB1-B693-A7AF76170ABF}.Debug|Any CPU.Build.0 = Debug|Any CPU
		{5F25B3F4-CA67-4BB1-B693-A7AF76170ABF}.Debug|Mixed Platforms.ActiveCfg = Debug|Any CPU
		{5F25B3F4-CA67-4BB1-B693-A7AF76170ABF}.Debug|Mixed Platforms.Build.0 = Debug|Any CPU
		{5F25B3F4-CA67-4BB1-B693-A7AF76170ABF}.Debug|x86.ActiveCfg = Debug|Any CPU
		{5F25B3F4-CA67-4BB1-B693-A7AF76170ABF}.Gas-se_Prod|Any CPU.ActiveCfg = Release|Any CPU
		{5F25B3F4-CA67-4BB1-B693-A7AF76170ABF}.Gas-se_Prod|Any CPU.Build.0 = Release|Any CPU
		{5F25B3F4-CA67-4BB1-B693-A7AF76170ABF}.Gas-se_Prod|Mixed Platforms.ActiveCfg = Release|Any CPU
		{5F25B3F4-CA67-4BB1-B693-A7AF76170ABF}.Gas-se_Prod|Mixed Platforms.Build.0 = Release|Any CPU
		{5F25B3F4-CA67-4BB1-B693-A7AF76170ABF}.Gas-se_Prod|x86.ActiveCfg = Release|Any CPU
		{5F25B3F4-CA67-4BB1-B693-A7AF76170ABF}.Gas-se_QA|Any CPU.ActiveCfg = Release|Any CPU
		{5F25B3F4-CA67-4BB1-B693-A7AF76170ABF}.Gas-se_QA|Any CPU.Build.0 = Release|Any CPU
		{5F25B3F4-CA67-4BB1-B693-A7AF76170ABF}.Gas-se_QA|Mixed Platforms.ActiveCfg = Release|Any CPU
		{5F25B3F4-CA67-4BB1-B693-A7AF76170ABF}.Gas-se_QA|Mixed Platforms.Build.0 = Release|Any CPU
		{5F25B3F4-CA67-4BB1-B693-A7AF76170ABF}.Gas-se_QA|x86.ActiveCfg = Release|Any CPU
		{5F25B3F4-CA67-4BB1-B693-A7AF76170ABF}.NLAlert|Any CPU.ActiveCfg = Release|Any CPU
		{5F25B3F4-CA67-4BB1-B693-A7AF76170ABF}.NLAlert|Any CPU.Build.0 = Release|Any CPU
		{5F25B3F4-CA67-4BB1-B693-A7AF76170ABF}.NLAlert|Mixed Platforms.ActiveCfg = Release|Any CPU
		{5F25B3F4-CA67-4BB1-B693-A7AF76170ABF}.NLAlert|Mixed Platforms.Build.0 = Release|Any CPU
		{5F25B3F4-CA67-4BB1-B693-A7AF76170ABF}.NLAlert|x86.ActiveCfg = Release|Any CPU
		{5F25B3F4-CA67-4BB1-B693-A7AF76170ABF}.Nlbeta|Any CPU.ActiveCfg = Release|Any CPU
		{5F25B3F4-CA67-4BB1-B693-A7AF76170ABF}.Nlbeta|Any CPU.Build.0 = Release|Any CPU
		{5F25B3F4-CA67-4BB1-B693-A7AF76170ABF}.Nlbeta|Mixed Platforms.ActiveCfg = Release|Any CPU
		{5F25B3F4-CA67-4BB1-B693-A7AF76170ABF}.Nlbeta|Mixed Platforms.Build.0 = Release|Any CPU
		{5F25B3F4-CA67-4BB1-B693-A7AF76170ABF}.Nlbeta|x86.ActiveCfg = Release|Any CPU
		{5F25B3F4-CA67-4BB1-B693-A7AF76170ABF}.Orange_Prod|Any CPU.ActiveCfg = Release|Any CPU
		{5F25B3F4-CA67-4BB1-B693-A7AF76170ABF}.Orange_Prod|Any CPU.Build.0 = Release|Any CPU
		{5F25B3F4-CA67-4BB1-B693-A7AF76170ABF}.Orange_Prod|Mixed Platforms.ActiveCfg = Release|Any CPU
		{5F25B3F4-CA67-4BB1-B693-A7AF76170ABF}.Orange_Prod|Mixed Platforms.Build.0 = Release|Any CPU
		{5F25B3F4-CA67-4BB1-B693-A7AF76170ABF}.Orange_Prod|x86.ActiveCfg = Release|Any CPU
		{5F25B3F4-CA67-4BB1-B693-A7AF76170ABF}.Orange_QA|Any CPU.ActiveCfg = Release|Any CPU
		{5F25B3F4-CA67-4BB1-B693-A7AF76170ABF}.Orange_QA|Any CPU.Build.0 = Release|Any CPU
		{5F25B3F4-CA67-4BB1-B693-A7AF76170ABF}.Orange_QA|Mixed Platforms.ActiveCfg = Release|Any CPU
		{5F25B3F4-CA67-4BB1-B693-A7AF76170ABF}.Orange_QA|Mixed Platforms.Build.0 = Release|Any CPU
		{5F25B3F4-CA67-4BB1-B693-A7AF76170ABF}.Orange_QA|x86.ActiveCfg = Release|Any CPU
		{5F25B3F4-CA67-4BB1-B693-A7AF76170ABF}.Prod|Any CPU.ActiveCfg = Release|Any CPU
		{5F25B3F4-CA67-4BB1-B693-A7AF76170ABF}.Prod|Any CPU.Build.0 = Release|Any CPU
		{5F25B3F4-CA67-4BB1-B693-A7AF76170ABF}.Prod|Mixed Platforms.ActiveCfg = Release|Any CPU
		{5F25B3F4-CA67-4BB1-B693-A7AF76170ABF}.Prod|Mixed Platforms.Build.0 = Release|Any CPU
		{5F25B3F4-CA67-4BB1-B693-A7AF76170ABF}.Prod|x86.ActiveCfg = Release|Any CPU
		{5F25B3F4-CA67-4BB1-B693-A7AF76170ABF}.QA|Any CPU.ActiveCfg = Release|Any CPU
		{5F25B3F4-CA67-4BB1-B693-A7AF76170ABF}.QA|Any CPU.Build.0 = Release|Any CPU
		{5F25B3F4-CA67-4BB1-B693-A7AF76170ABF}.QA|Mixed Platforms.ActiveCfg = Release|Any CPU
		{5F25B3F4-CA67-4BB1-B693-A7AF76170ABF}.QA|Mixed Platforms.Build.0 = Release|Any CPU
		{5F25B3F4-CA67-4BB1-B693-A7AF76170ABF}.QA|x86.ActiveCfg = Release|Any CPU
		{5F25B3F4-CA67-4BB1-B693-A7AF76170ABF}.Release|Any CPU.ActiveCfg = Release|Any CPU
		{5F25B3F4-CA67-4BB1-B693-A7AF76170ABF}.Release|Any CPU.Build.0 = Release|Any CPU
		{5F25B3F4-CA67-4BB1-B693-A7AF76170ABF}.Release|Mixed Platforms.ActiveCfg = Release|Any CPU
		{5F25B3F4-CA67-4BB1-B693-A7AF76170ABF}.Release|Mixed Platforms.Build.0 = Release|Any CPU
		{5F25B3F4-CA67-4BB1-B693-A7AF76170ABF}.Release|x86.ActiveCfg = Release|Any CPU
		{44CFE1C2-DCA8-48B5-B04A-7F08AE37B305}.Beta|Any CPU.ActiveCfg = Release|x86
		{44CFE1C2-DCA8-48B5-B04A-7F08AE37B305}.Beta|Mixed Platforms.ActiveCfg = Release|x86
		{44CFE1C2-DCA8-48B5-B04A-7F08AE37B305}.Beta|Mixed Platforms.Build.0 = Release|x86
		{44CFE1C2-DCA8-48B5-B04A-7F08AE37B305}.Beta|x86.ActiveCfg = Release|x86
		{44CFE1C2-DCA8-48B5-B04A-7F08AE37B305}.Beta|x86.Build.0 = Release|x86
		{44CFE1C2-DCA8-48B5-B04A-7F08AE37B305}.Debug|Any CPU.ActiveCfg = Debug|x86
		{44CFE1C2-DCA8-48B5-B04A-7F08AE37B305}.Debug|Mixed Platforms.ActiveCfg = Debug|x86
		{44CFE1C2-DCA8-48B5-B04A-7F08AE37B305}.Debug|Mixed Platforms.Build.0 = Debug|x86
		{44CFE1C2-DCA8-48B5-B04A-7F08AE37B305}.Debug|x86.ActiveCfg = Debug|x86
		{44CFE1C2-DCA8-48B5-B04A-7F08AE37B305}.Debug|x86.Build.0 = Debug|x86
		{44CFE1C2-DCA8-48B5-B04A-7F08AE37B305}.Gas-se_Prod|Any CPU.ActiveCfg = Release|x86
		{44CFE1C2-DCA8-48B5-B04A-7F08AE37B305}.Gas-se_Prod|Mixed Platforms.ActiveCfg = Release|x86
		{44CFE1C2-DCA8-48B5-B04A-7F08AE37B305}.Gas-se_Prod|Mixed Platforms.Build.0 = Release|x86
		{44CFE1C2-DCA8-48B5-B04A-7F08AE37B305}.Gas-se_Prod|x86.ActiveCfg = Release|x86
		{44CFE1C2-DCA8-48B5-B04A-7F08AE37B305}.Gas-se_Prod|x86.Build.0 = Release|x86
		{44CFE1C2-DCA8-48B5-B04A-7F08AE37B305}.Gas-se_QA|Any CPU.ActiveCfg = Release|x86
		{44CFE1C2-DCA8-48B5-B04A-7F08AE37B305}.Gas-se_QA|Mixed Platforms.ActiveCfg = Release|x86
		{44CFE1C2-DCA8-48B5-B04A-7F08AE37B305}.Gas-se_QA|Mixed Platforms.Build.0 = Release|x86
		{44CFE1C2-DCA8-48B5-B04A-7F08AE37B305}.Gas-se_QA|x86.ActiveCfg = Release|x86
		{44CFE1C2-DCA8-48B5-B04A-7F08AE37B305}.Gas-se_QA|x86.Build.0 = Release|x86
		{44CFE1C2-DCA8-48B5-B04A-7F08AE37B305}.NLAlert|Any CPU.ActiveCfg = Release|x86
		{44CFE1C2-DCA8-48B5-B04A-7F08AE37B305}.NLAlert|Mixed Platforms.ActiveCfg = Release|x86
		{44CFE1C2-DCA8-48B5-B04A-7F08AE37B305}.NLAlert|Mixed Platforms.Build.0 = Release|x86
		{44CFE1C2-DCA8-48B5-B04A-7F08AE37B305}.NLAlert|x86.ActiveCfg = Release|x86
		{44CFE1C2-DCA8-48B5-B04A-7F08AE37B305}.NLAlert|x86.Build.0 = Release|x86
		{44CFE1C2-DCA8-48B5-B04A-7F08AE37B305}.Nlbeta|Any CPU.ActiveCfg = Release|x86
		{44CFE1C2-DCA8-48B5-B04A-7F08AE37B305}.Nlbeta|Mixed Platforms.ActiveCfg = Release|x86
		{44CFE1C2-DCA8-48B5-B04A-7F08AE37B305}.Nlbeta|Mixed Platforms.Build.0 = Release|x86
		{44CFE1C2-DCA8-48B5-B04A-7F08AE37B305}.Nlbeta|x86.ActiveCfg = Release|x86
		{44CFE1C2-DCA8-48B5-B04A-7F08AE37B305}.Nlbeta|x86.Build.0 = Release|x86
		{44CFE1C2-DCA8-48B5-B04A-7F08AE37B305}.Orange_Prod|Any CPU.ActiveCfg = Release|x86
		{44CFE1C2-DCA8-48B5-B04A-7F08AE37B305}.Orange_Prod|Mixed Platforms.ActiveCfg = Release|x86
		{44CFE1C2-DCA8-48B5-B04A-7F08AE37B305}.Orange_Prod|Mixed Platforms.Build.0 = Release|x86
		{44CFE1C2-DCA8-48B5-B04A-7F08AE37B305}.Orange_Prod|x86.ActiveCfg = Release|x86
		{44CFE1C2-DCA8-48B5-B04A-7F08AE37B305}.Orange_Prod|x86.Build.0 = Release|x86
		{44CFE1C2-DCA8-48B5-B04A-7F08AE37B305}.Orange_QA|Any CPU.ActiveCfg = Release|x86
		{44CFE1C2-DCA8-48B5-B04A-7F08AE37B305}.Orange_QA|Mixed Platforms.ActiveCfg = Release|x86
		{44CFE1C2-DCA8-48B5-B04A-7F08AE37B305}.Orange_QA|Mixed Platforms.Build.0 = Release|x86
		{44CFE1C2-DCA8-48B5-B04A-7F08AE37B305}.Orange_QA|x86.ActiveCfg = Release|x86
		{44CFE1C2-DCA8-48B5-B04A-7F08AE37B305}.Orange_QA|x86.Build.0 = Release|x86
		{44CFE1C2-DCA8-48B5-B04A-7F08AE37B305}.Prod|Any CPU.ActiveCfg = Release|x86
		{44CFE1C2-DCA8-48B5-B04A-7F08AE37B305}.Prod|Mixed Platforms.ActiveCfg = Release|x86
		{44CFE1C2-DCA8-48B5-B04A-7F08AE37B305}.Prod|Mixed Platforms.Build.0 = Release|x86
		{44CFE1C2-DCA8-48B5-B04A-7F08AE37B305}.Prod|x86.ActiveCfg = Release|x86
		{44CFE1C2-DCA8-48B5-B04A-7F08AE37B305}.Prod|x86.Build.0 = Release|x86
		{44CFE1C2-DCA8-48B5-B04A-7F08AE37B305}.QA|Any CPU.ActiveCfg = Release|x86
		{44CFE1C2-DCA8-48B5-B04A-7F08AE37B305}.QA|Mixed Platforms.ActiveCfg = Release|x86
		{44CFE1C2-DCA8-48B5-B04A-7F08AE37B305}.QA|Mixed Platforms.Build.0 = Release|x86
		{44CFE1C2-DCA8-48B5-B04A-7F08AE37B305}.QA|x86.ActiveCfg = Release|x86
		{44CFE1C2-DCA8-48B5-B04A-7F08AE37B305}.QA|x86.Build.0 = Release|x86
		{44CFE1C2-DCA8-48B5-B04A-7F08AE37B305}.Release|Any CPU.ActiveCfg = Release|x86
		{44CFE1C2-DCA8-48B5-B04A-7F08AE37B305}.Release|Mixed Platforms.ActiveCfg = Release|x86
		{44CFE1C2-DCA8-48B5-B04A-7F08AE37B305}.Release|Mixed Platforms.Build.0 = Release|x86
		{44CFE1C2-DCA8-48B5-B04A-7F08AE37B305}.Release|x86.ActiveCfg = Release|x86
		{44CFE1C2-DCA8-48B5-B04A-7F08AE37B305}.Release|x86.Build.0 = Release|x86
	EndGlobalSection
	GlobalSection(SolutionProperties) = preSolution
		HideSolutionNode = FALSE
	EndGlobalSection
	GlobalSection(NestedProjects) = preSolution
		{F943B97E-CBDB-4D11-A703-BF3CB791BC14} = {157C1413-6CF5-468C-8BD9-789D790EA654}
		{E7B727D0-451A-45A3-8C75-FA2FF881263B} = {F943B97E-CBDB-4D11-A703-BF3CB791BC14}
		{F0B76F05-656E-43FA-A965-A233B0F2C8A9} = {F943B97E-CBDB-4D11-A703-BF3CB791BC14}
		{21957982-6FBC-49F9-8F75-C0DE18558133} = {F943B97E-CBDB-4D11-A703-BF3CB791BC14}
		{BFF1C26F-955E-4A56-B781-D0CA89912B8A} = {F943B97E-CBDB-4D11-A703-BF3CB791BC14}
		{9EF07252-75DF-4359-B46A-30F3A84DFA41} = {F943B97E-CBDB-4D11-A703-BF3CB791BC14}
		{C44B04EA-5C9D-4BB0-B365-FC9B0C87E93F} = {F943B97E-CBDB-4D11-A703-BF3CB791BC14}
		{8CDBBCD2-D0EA-4A62-B60C-A500D5CB68DA} = {F943B97E-CBDB-4D11-A703-BF3CB791BC14}
		{C978F68F-CC6D-4653-9E39-74EDACB6F70C} = {F943B97E-CBDB-4D11-A703-BF3CB791BC14}
		{A5425810-1124-4CB3-94C4-926460B420BC} = {F943B97E-CBDB-4D11-A703-BF3CB791BC14}
		{8A4A7EA2-8F21-499C-8ECD-34E7FD676B0F} = {F943B97E-CBDB-4D11-A703-BF3CB791BC14}
		{AFA1CF4A-03FA-402D-A8E0-D4F0CC6AC6A3} = {F943B97E-CBDB-4D11-A703-BF3CB791BC14}
		{936E7001-0F76-4F6F-8342-C25F6985DFC2} = {F943B97E-CBDB-4D11-A703-BF3CB791BC14}
	EndGlobalSection
EndGlobal
