
Microsoft Visual Studio Solution File, Format Version 11.00
# Visual Studio 2010
Project("{FAE04EC0-301F-11D3-BF4B-00C04F79EFBC}") = "ws-tcs", "ws-tcs\ws-tcs.csproj", "{FD5736AE-41DB-4792-A3F9-C5622737CA70}"
EndProject
Global
	GlobalSection(SolutionConfigurationPlatforms) = preSolution
		Debug|Any CPU = Debug|Any CPU
		Release|Any CPU = Release|Any CPU
	EndGlobalSection
	GlobalSection(ProjectConfigurationPlatforms) = postSolution
		{FD5736AE-41DB-4792-A3F9-C5622737CA70}.Debug|Any CPU.ActiveCfg = Debug|Any CPU
		{FD5736AE-41DB-4792-A3F9-C5622737CA70}.Debug|Any CPU.Build.0 = Debug|Any CPU
		{FD5736AE-41DB-4792-A3F9-C5622737CA70}.Release|Any CPU.ActiveCfg = Release|Any CPU
		{FD5736AE-41DB-4792-A3F9-C5622737CA70}.Release|Any CPU.Build.0 = Release|Any CPU
	EndGlobalSection
	GlobalSection(SolutionProperties) = preSolution
		HideSolutionNode = FALSE
	EndGlobalSection
EndGlobal
